// !$*UTF8*$!
{
	archiveVersion = 1;
	classes = {
	};
	objectVersion = 46;
	objects = {
/* Begin PBXBuildFile section */
		0207DA581B56EA530066E2B4 /* Images.xcassets in Resources */ = {isa = PBXBuildFile; fileRef = 0207DA571B56EA530066E2B4 /* Images.xcassets */; };
		1D3623260D0F684500981E51 /* AppDelegate.m in Sources */ = {isa = PBXBuildFile; fileRef = 1D3623250D0F684500981E51 /* AppDelegate.m */; };
		1D60589B0D05DD56006BFB54 /* main.m in Sources */ = {isa = PBXBuildFile; fileRef = 29B97316FDCFA39411CA2CEA /* main.m */; };
		301BF552109A68D80062928A /* libCordova.a in Frameworks */ = {isa = PBXBuildFile; fileRef = 301BF535109A57CC0062928A /* libCordova.a */; };
		302D95F114D2391D003F00A1 /* MainViewController.m in Sources */ = {isa = PBXBuildFile; fileRef = 302D95EF14D2391D003F00A1 /* MainViewController.m */; };
		302D95F214D2391D003F00A1 /* MainViewController.xib in Resources */ = {isa = PBXBuildFile; fileRef = 302D95F014D2391D003F00A1 /* MainViewController.xib */; };
		3047A5121AB8059700498E2A /* build-debug.xcconfig in Resources */ = {isa = PBXBuildFile; fileRef = 3047A50F1AB8059700498E2A /* build-debug.xcconfig */; };
		3047A5131AB8059700498E2A /* build-release.xcconfig in Resources */ = {isa = PBXBuildFile; fileRef = 3047A5101AB8059700498E2A /* build-release.xcconfig */; };
		3047A5141AB8059700498E2A /* build.xcconfig in Resources */ = {isa = PBXBuildFile; fileRef = 3047A5111AB8059700498E2A /* build.xcconfig */; };
		6AFF5BF91D6E424B00AB3073 /* CDVLaunchScreen.storyboard in Resources */ = {isa = PBXBuildFile; fileRef = 6AFF5BF81D6E424B00AB3073 /* CDVLaunchScreen.storyboard */; };
		019957D91DE94C98B3846F3A /* CDVDevice.m in Sources */ = {isa = PBXBuildFile; fileRef = 321DC5CE548143C9B2997E91 /* CDVDevice.m */; };
		7BB34659EDA04AC69D17F988 /* CDVInAppBrowser.m in Sources */ = {isa = PBXBuildFile; fileRef = 036DBCAC61C04785BDA3191D /* CDVInAppBrowser.m */; };
		0B97AF22CE4941B6A562ACDD /* CDVSplashScreen.m in Sources */ = {isa = PBXBuildFile; fileRef = 0B397F8667654ACD895E68B6 /* CDVSplashScreen.m */; };
		7FF5ABC8E9A241A684151FE4 /* CDVViewController+SplashScreen.m in Sources */ = {isa = PBXBuildFile; fileRef = C3FB1049379B4EFEA2B3A3B2 /* CDVViewController+SplashScreen.m */; };
		F5FCF047721F41C98999BDA7 /* CDVSplashScreen+IonicDeploy.m in Sources */ = {isa = PBXBuildFile; fileRef = 0D04AC3C8C1045D9A6A489DF /* CDVSplashScreen+IonicDeploy.m */; };
		2FE2AF99BB404ED0A9745DB8 /* IonicConstant.m in Sources */ = {isa = PBXBuildFile; fileRef = 1FEEE13318134289AADE9DC9 /* IonicConstant.m */; };
		93D75E3AA185454884F027F5 /* IonicDeploy.m in Sources */ = {isa = PBXBuildFile; fileRef = B60DE3E48193483EB49A49C2 /* IonicDeploy.m */; };
		5A00E28E2DEB404EB732D3FE /* Download.m in Sources */ = {isa = PBXBuildFile; fileRef = 918CDC4A918B4E7E9C6BAFEE /* Download.m */; };
		1E4D2207C8394033B531FC6B /* DownloadManager.m in Sources */ = {isa = PBXBuildFile; fileRef = 325B315B23DE44A6A1CA7131 /* DownloadManager.m */; };
		36B8B2AE753748AFA3894C5A /* SSZipArchive.m in Sources */ = {isa = PBXBuildFile; fileRef = FCEC6F47999F42BEBD4AF08B /* SSZipArchive.m */; };
		74A13E8457A54CB08AEB7FF2 /* ioapi.c in Resources */ = {isa = PBXBuildFile; fileRef = 7542EEE34E3F446C90EBFAAB /* ioapi.c */; };
		8305A8E26F8040D68A5C76B8 /* unzip.c in Resources */ = {isa = PBXBuildFile; fileRef = F7696861D5154AE89A870FD7 /* unzip.c */; };
		60D133CC8B8A4CFC993A4F74 /* zip.c in Resources */ = {isa = PBXBuildFile; fileRef = 1DDF4F52E94E41B1AA2152A6 /* zip.c */; };
		6224E27C893D41B882E9D31E /* adler32.c in Resources */ = {isa = PBXBuildFile; fileRef = 943ACCFD50BD4013B694B5AC /* adler32.c */; };
		63788637ED324C69BEB434B1 /* compress.c in Resources */ = {isa = PBXBuildFile; fileRef = BD4B46ADC47840EC8824470C /* compress.c */; };
		506D38EB50824124A84D041F /* crc32.c in Resources */ = {isa = PBXBuildFile; fileRef = 2807739795064DDBBE4D9266 /* crc32.c */; };
		A57134B3BE5E4DD486DF5DCB /* deflate.c in Resources */ = {isa = PBXBuildFile; fileRef = D1E636772CDD4AAD9B9501BD /* deflate.c */; };
		A1EA30C3B17646299CE7FAEF /* gzclose.c in Resources */ = {isa = PBXBuildFile; fileRef = 49242DF44FE2480A84AB878D /* gzclose.c */; };
		9B061BFB29B3428FADDFE93D /* gzlib.c in Resources */ = {isa = PBXBuildFile; fileRef = 7130239AB08B42E88FDB6582 /* gzlib.c */; };
		9C3F1F5F62EB4C75847DB0E8 /* gzread.c in Resources */ = {isa = PBXBuildFile; fileRef = 3FBFBF25C2804343920A9397 /* gzread.c */; };
		363EAB44437B479FAC9561E5 /* gzwrite.c in Resources */ = {isa = PBXBuildFile; fileRef = 30F4405E9853413E8826E9B6 /* gzwrite.c */; };
		A11E546F8C6E44F9B75BAC79 /* infback.c in Resources */ = {isa = PBXBuildFile; fileRef = AF2EE1E5B6AF4018AB9295C5 /* infback.c */; };
		5ADB850B304B4E25997F2E59 /* inffast.c in Resources */ = {isa = PBXBuildFile; fileRef = 3262FBF3D30E4DB4A254D098 /* inffast.c */; };
		5C58AE6CB0FF4C6CA1AF9E61 /* inflate.c in Resources */ = {isa = PBXBuildFile; fileRef = 88667BDF1FDB4C49836F937B /* inflate.c */; };
		3FBF5C37CAC144438EB47B56 /* inftrees.c in Resources */ = {isa = PBXBuildFile; fileRef = 219FEB96D941448B89793880 /* inftrees.c */; };
		F7F3145679E84149BE72580E /* trees.c in Resources */ = {isa = PBXBuildFile; fileRef = 92AE868DCEC74F70B462D0DF /* trees.c */; };
		8DF66B8AA05A4C76BAA80D5F /* uncompr.c in Resources */ = {isa = PBXBuildFile; fileRef = 60F6F95BDDB14D3DB48D6080 /* uncompr.c */; };
		652511B3900E4E778C2EB5B2 /* zutil.c in Resources */ = {isa = PBXBuildFile; fileRef = BAC02FF8B3C0458696272097 /* zutil.c */; };
		CD75998EE20B40F688583972 /* Base64.m in Sources */ = {isa = PBXBuildFile; fileRef = 97E6560AC9C2418A8ACE28DD /* Base64.m */; };
		4B095F9E4AA445D086156846 /* UNIHTTPClientHelper.m in Sources */ = {isa = PBXBuildFile; fileRef = 56838ACF5DAA438FA6DAEFAB /* UNIHTTPClientHelper.m */; };
		6BE2258D249246D79047FF37 /* UNIHTTPRequest.m in Sources */ = {isa = PBXBuildFile; fileRef = 482BF656EDB241DB8C8D643C /* UNIHTTPRequest.m */; };
		F92AC90B4EF5493597CE3CDB /* UNIHTTPRequestWithBody.m in Sources */ = {isa = PBXBuildFile; fileRef = DACAECEC4A7B4E62858A5577 /* UNIHTTPRequestWithBody.m */; };
		652444D8CC1C4C35A4F9C194 /* UNIRest.m in Sources */ = {isa = PBXBuildFile; fileRef = 304709A4D7454125A5328CA1 /* UNIRest.m */; };
		929A012DEF2D4C80B300C23F /* UNIUrlConnection.m in Sources */ = {isa = PBXBuildFile; fileRef = 39211B0F46FA465D940B3D5E /* UNIUrlConnection.m */; };
		A32751C2CC9B481994B865DA /* UNIBaseRequest.m in Sources */ = {isa = PBXBuildFile; fileRef = 6488957A9A124DD0A217E925 /* UNIBaseRequest.m */; };
		81BD2B764A0F484B99852000 /* UNIBodyRequest.m in Sources */ = {isa = PBXBuildFile; fileRef = 96ACA611DF6F495D955ACCC7 /* UNIBodyRequest.m */; };
		8ED70E87D7E54E9DA1834A39 /* UNISimpleRequest.m in Sources */ = {isa = PBXBuildFile; fileRef = CBA18334A7874436B0FF6F71 /* UNISimpleRequest.m */; };
		EB93551020EA4E6FB5944C3F /* UNIHTTPBinaryResponse.m in Sources */ = {isa = PBXBuildFile; fileRef = FE1B4C4D964C4F99A8FAE6CF /* UNIHTTPBinaryResponse.m */; };
		062591FF387F4BF493EEDF6F /* UNIHTTPJsonResponse.m in Sources */ = {isa = PBXBuildFile; fileRef = 4C0A4BA9B3FA4B9C9DA7F866 /* UNIHTTPJsonResponse.m */; };
		77852DB6938F4B858CA60BB3 /* UNIHTTPResponse.m in Sources */ = {isa = PBXBuildFile; fileRef = 43DF33C223994A2D9D2A2CB0 /* UNIHTTPResponse.m */; };
		129650D1A8FB4D7E80821798 /* UNIHTTPStringResponse.m in Sources */ = {isa = PBXBuildFile; fileRef = E9A5FC3F53EE4722B4AA1418 /* UNIHTTPStringResponse.m */; };
		DEC0BC53754E46008A7E8977 /* UNIJsonNode.m in Sources */ = {isa = PBXBuildFile; fileRef = B9E545C608AC4D94872B452C /* UNIJsonNode.m */; };
		C61D73DB06E6423CB772F482 /* IonicCordovaCommon.swift in Sources */ = {isa = PBXBuildFile; fileRef = 1FEFD854E6FA49158FB729F6 /* IonicCordovaCommon.swift */; };
		A778A1A828ED408CA9407108 /* CDVWKWebViewEngine.m in Sources */ = {isa = PBXBuildFile; fileRef = 9419385B14CF4DD6A4E22EB5 /* CDVWKWebViewEngine.m */; };
		92159EE644944C9F96838089 /* CDVWKWebViewUIDelegate.m in Sources */ = {isa = PBXBuildFile; fileRef = 23A69C8745A247AEAB002917 /* CDVWKWebViewUIDelegate.m */; };
		72EC8A881B274C2497A90212 /* CDVWKProcessPoolFactory.m in Sources */ = {isa = PBXBuildFile; fileRef = 749EE348BBA048DF8A85577E /* CDVWKProcessPoolFactory.m */; };
		DE6BA2CDDFEB4FAE8C762903 /* GCDWebServer.m in Sources */ = {isa = PBXBuildFile; fileRef = F7DF116CF27946818DA5EAD1 /* GCDWebServer.m */; };
		7C5FF4ED503F49D588806A9F /* GCDWebServerConnection.m in Sources */ = {isa = PBXBuildFile; fileRef = 6B601FB856B44818884EB17C /* GCDWebServerConnection.m */; };
		415485EE7DA347049EDD6281 /* GCDWebServerFunctions.m in Sources */ = {isa = PBXBuildFile; fileRef = 85A0F72CED4F4E48A023F505 /* GCDWebServerFunctions.m */; };
		1B14CE7DC10E4812966A27FB /* GCDWebServerRequest.m in Sources */ = {isa = PBXBuildFile; fileRef = 71D705B44A914A2399650E0A /* GCDWebServerRequest.m */; };
		CC756B3C86AA48DDAD1EDFCA /* GCDWebServerResponse.m in Sources */ = {isa = PBXBuildFile; fileRef = 0D665E0505304E59A435572A /* GCDWebServerResponse.m */; };
		670FEB49968C4E55B8278526 /* GCDWebServerDataRequest.m in Sources */ = {isa = PBXBuildFile; fileRef = D846A249E7864AEBA72030AD /* GCDWebServerDataRequest.m */; };
		B71D556CE6B243BD91FFEF89 /* GCDWebServerFileRequest.m in Sources */ = {isa = PBXBuildFile; fileRef = D3BC7896C2A643BA86CC5915 /* GCDWebServerFileRequest.m */; };
		1A2C94D5006D48C6ADE789E2 /* GCDWebServerMultiPartFormRequest.m in Sources */ = {isa = PBXBuildFile; fileRef = 3DE2A004DE0645919D3CEA5D /* GCDWebServerMultiPartFormRequest.m */; };
		A87AA7111FEC430484D92AD7 /* GCDWebServerURLEncodedFormRequest.m in Sources */ = {isa = PBXBuildFile; fileRef = C7F4F472EF064C37A2BF36D2 /* GCDWebServerURLEncodedFormRequest.m */; };
		EAE4E3418D0D4AB18F3CC165 /* GCDWebServerDataResponse.m in Sources */ = {isa = PBXBuildFile; fileRef = F8822BB6208D4BB09445D564 /* GCDWebServerDataResponse.m */; };
		2A9DAA5E33244332A131ECCF /* GCDWebServerErrorResponse.m in Sources */ = {isa = PBXBuildFile; fileRef = 7D2157574E554BE898289359 /* GCDWebServerErrorResponse.m */; };
		F8C185B882484C53BC287EEC /* GCDWebServerFileResponse.m in Sources */ = {isa = PBXBuildFile; fileRef = 57C71C543E674778AF7FC1B1 /* GCDWebServerFileResponse.m */; };
		D2EF295E6B7E44C4A649973C /* GCDWebServerStreamedResponse.m in Sources */ = {isa = PBXBuildFile; fileRef = 265A576AA1364598A4BFA3EE /* GCDWebServerStreamedResponse.m */; };
		A9A82BA499EB486989240B94 /* WebKit.framework in Frameworks */ = {isa = PBXBuildFile; fileRef = 2383EDECA5154D72941E74B0 /* WebKit.framework */; settings = {ATTRIBUTES = (Weak, ); }; };
		502230C4EA5745E19A385062 /* libz.tbd in Frameworks */ = {isa = PBXBuildFile; fileRef = 042C9ED66F364A37B7BC95CC /* libz.tbd */; };
		9653F262ECAE49259C4A8B40 /* IonicKeyboard.m in Sources */ = {isa = PBXBuildFile; fileRef = 85C92912224C4B5D9A71216B /* IonicKeyboard.m */; };
		38841CD331AD4F099D09B463 /* SQLitePlugin.m in Sources */ = {isa = PBXBuildFile; fileRef = 7043F3C54B63431CBA4B4A8B /* SQLitePlugin.m */; };
		9D1D92265226439F84810E79 /* PSPDFThreadSafeMutableDictionary.m in Sources */ = {isa = PBXBuildFile; fileRef = 096B2789A2F4454E938D88EF /* PSPDFThreadSafeMutableDictionary.m */; settings = {COMPILER_FLAGS = "-w"; }; };
		2E448B93E5BC4283A4BAADCF /* sqlite3.c in Resources */ = {isa = PBXBuildFile; fileRef = 810E1A3493494D4895EB27FD /* sqlite3.c */; settings = {COMPILER_FLAGS = "-w -DSQLITE_THREADSAFE=2 -DSQLITE_DEFAULT_MEMSTATUS=0 -DSQLITE_OMIT_DECLTYPE -DSQLITE_OMIT_DEPRECATED -DSQLITE_OMIT_PROGRESS_CALLBACK -DSQLITE_OMIT_SHARED_CACHE -DSQLITE_TEMP_STORE=2 -DSQLITE_OMIT_LOAD_EXTENSION -DSQLITE_ENABLE_FTS3 -DSQLITE_ENABLE_FTS3_PARENTHESIS -DSQLITE_ENABLE_FTS4 -DSQLITE_ENABLE_RTREE -DSQLITE_DEFAULT_PAGE_SIZE=1024 -DSQLITE_DEFAULT_CACHE_SIZE=2000"; }; };
		9586189F19B74158AEF90401 /* XCDYouTubeClient.m in Sources */ = {isa = PBXBuildFile; fileRef = 997FA5793A574ECC80E560D7 /* XCDYouTubeClient.m */; };
		2E4667276D30413A9B82596F /* XCDYouTubePlayerScript.m in Sources */ = {isa = PBXBuildFile; fileRef = 0783E73D617D41E7A0103BAF /* XCDYouTubePlayerScript.m */; };
		3B77E3B592744B93A55550FE /* XCDYouTubeVideo.m in Sources */ = {isa = PBXBuildFile; fileRef = 3540668576434A3DB40CFD46 /* XCDYouTubeVideo.m */; };
		8D128BF7907C4BB294B45597 /* XCDYouTubeVideoOperation.m in Sources */ = {isa = PBXBuildFile; fileRef = D1E1B1119A4D4A06A8FCCF61 /* XCDYouTubeVideoOperation.m */; };
		F695C036C8844A0D895300AB /* XCDYouTubeVideoPlayerViewController.m in Sources */ = {isa = PBXBuildFile; fileRef = 2FF5C10E0AFC4CBE83A80F4F /* XCDYouTubeVideoPlayerViewController.m */; };
		CF18B7CFEAE348FA88AEEFC8 /* XCDYouTubeVideoWebpage.m in Sources */ = {isa = PBXBuildFile; fileRef = EE6177402BF44A51ABF14E58 /* XCDYouTubeVideoWebpage.m */; };
		1C74D44441AA4573B36A1D5F /* YoutubeVideoPlayer.m in Sources */ = {isa = PBXBuildFile; fileRef = 78E575CD6E4F40079194D277 /* YoutubeVideoPlayer.m */; };
		55A24A44568C41E1B95CF6D3 /* MediaPlayer.framework in Frameworks */ = {isa = PBXBuildFile; fileRef = B148F7E7D76E43739F06B320 /* MediaPlayer.framework */; };
		7267CE4B514E45018C1128BE /* AVFoundation.framework in Frameworks */ = {isa = PBXBuildFile; fileRef = 72B71CE5123146969289AB98 /* AVFoundation.framework */; };
		8B1A994E35D644D4ADD84CC0 /* JavaScriptCore.framework in Frameworks */ = {isa = PBXBuildFile; fileRef = EBAE7E9E165A4825BF85FC1D /* JavaScriptCore.framework */; };
/* End PBXBuildFile section */

/* Begin PBXContainerItemProxy section */
		301BF534109A57CC0062928A /* PBXContainerItemProxy */ = {
			isa = PBXContainerItemProxy;
			containerPortal = 301BF52D109A57CC0062928A /* CordovaLib.xcodeproj */;
			proxyType = 2;
			remoteGlobalIDString = D2AAC07E0554694100DB518D;
			remoteInfo = CordovaLib;
		};
		301BF550109A68C00062928A /* PBXContainerItemProxy */ = {
			isa = PBXContainerItemProxy;
			containerPortal = 301BF52D109A57CC0062928A /* CordovaLib.xcodeproj */;
			proxyType = 1;
			remoteGlobalIDString = D2AAC07D0554694100DB518D;
			remoteInfo = CordovaLib;
		};
/* End PBXContainerItemProxy section */

/* Begin PBXFileReference section */
		0207DA571B56EA530066E2B4 /* Images.xcassets */ = {isa = PBXFileReference; lastKnownFileType = folder.assetcatalog; name = Images.xcassets; path = "MyApp/Images.xcassets"; sourceTree = SOURCE_ROOT; };
		1D3623240D0F684500981E51 /* AppDelegate.h */ = {isa = PBXFileReference; fileEncoding = 4; lastKnownFileType = sourcecode.c.h; path = AppDelegate.h; sourceTree = "<group>"; };
		1D3623250D0F684500981E51 /* AppDelegate.m */ = {isa = PBXFileReference; fileEncoding = 4; lastKnownFileType = sourcecode.c.objc; path = AppDelegate.m; sourceTree = "<group>"; };
		1D6058910D05DD3D006BFB54 /* MyApp.app */ = {isa = PBXFileReference; explicitFileType = wrapper.application; includeInIndex = 0; path = "MyApp.app"; sourceTree = BUILT_PRODUCTS_DIR; };
		29B97316FDCFA39411CA2CEA /* main.m */ = {isa = PBXFileReference; fileEncoding = 4; lastKnownFileType = sourcecode.c.objc; path = main.m; sourceTree = "<group>"; };
		301BF52D109A57CC0062928A /* CordovaLib.xcodeproj */ = {isa = PBXFileReference; lastKnownFileType = "wrapper.pb-project"; path = CordovaLib/CordovaLib.xcodeproj; sourceTree = "<group>"; };
		301BF56E109A69640062928A /* www */ = {isa = PBXFileReference; lastKnownFileType = folder; path = www; sourceTree = SOURCE_ROOT; };
		302D95EE14D2391D003F00A1 /* MainViewController.h */ = {isa = PBXFileReference; fileEncoding = 4; lastKnownFileType = sourcecode.c.h; path = MainViewController.h; sourceTree = "<group>"; };
		302D95EF14D2391D003F00A1 /* MainViewController.m */ = {isa = PBXFileReference; fileEncoding = 4; lastKnownFileType = sourcecode.c.objc; path = MainViewController.m; sourceTree = "<group>"; };
		302D95F014D2391D003F00A1 /* MainViewController.xib */ = {isa = PBXFileReference; fileEncoding = 4; lastKnownFileType = file.xib; path = MainViewController.xib; sourceTree = "<group>"; };
		3047A50F1AB8059700498E2A /* build-debug.xcconfig */ = {isa = PBXFileReference; fileEncoding = 4; lastKnownFileType = text.xcconfig; name = "build-debug.xcconfig"; path = cordova/build-debug.xcconfig; sourceTree = SOURCE_ROOT; };
		3047A5101AB8059700498E2A /* build-release.xcconfig */ = {isa = PBXFileReference; fileEncoding = 4; lastKnownFileType = text.xcconfig; name = "build-release.xcconfig"; path = cordova/build-release.xcconfig; sourceTree = SOURCE_ROOT; };
		3047A5111AB8059700498E2A /* build.xcconfig */ = {isa = PBXFileReference; fileEncoding = 4; lastKnownFileType = text.xcconfig; name = build.xcconfig; path = cordova/build.xcconfig; sourceTree = SOURCE_ROOT; };
		32CA4F630368D1EE00C91783 /* MyApp-Prefix.pch */ = {isa = PBXFileReference; fileEncoding = 4; lastKnownFileType = sourcecode.c.h; path = "MyApp-Prefix.pch"; sourceTree = "<group>"; };
		6AFF5BF81D6E424B00AB3073 /* CDVLaunchScreen.storyboard */ = {isa = PBXFileReference; fileEncoding = 4; lastKnownFileType = file.storyboard; name = CDVLaunchScreen.storyboard; path = "MyApp/CDVLaunchScreen.storyboard"; sourceTree = SOURCE_ROOT; };
		8D1107310486CEB800E47090 /* MyApp-Info.plist */ = {isa = PBXFileReference; fileEncoding = 4; lastKnownFileType = text.plist.xml; name = "MyApp-Info.plist"; path = "MyApp/MyApp-Info.plist"; plistStructureDefinitionIdentifier = "com.apple.xcode.plist.structure-definition.iphone.info-plist"; sourceTree = SOURCE_ROOT; };
		EB87FDF31871DA8E0020F90C /* www */ = {isa = PBXFileReference; lastKnownFileType = folder; name = www; path = ../../www; sourceTree = "<group>"; };
		EB87FDF41871DAF40020F90C /* config.xml */ = {isa = PBXFileReference; lastKnownFileType = text.xml; name = config.xml; path = ../../config.xml; sourceTree = "<group>"; };
		F840E1F0165FE0F500CFE078 /* config.xml */ = {isa = PBXFileReference; lastKnownFileType = text.xml; name = config.xml; path = "MyApp/config.xml"; sourceTree = "<group>"; };
		ED33DF2A687741AEAF9F8254 /* Bridging-Header.h */ = {isa = PBXFileReference; fileEncoding = 4; lastKnownFileType = sourcecode.c.h; name = "Bridging-Header.h"; path = "Bridging-Header.h"; sourceTree = "<group>"; };
		321DC5CE548143C9B2997E91 /* CDVDevice.m */ = {isa = PBXFileReference; name = "CDVDevice.m"; path = "cordova-plugin-device/CDVDevice.m"; sourceTree = "<group>"; fileEncoding = 4; lastKnownFileType = sourcecode.c.objc; explicitFileType = undefined; includeInIndex = 0; };
		A978352C0DE641938C9183DD /* CDVDevice.h */ = {isa = PBXFileReference; name = "CDVDevice.h"; path = "cordova-plugin-device/CDVDevice.h"; sourceTree = "<group>"; fileEncoding = 4; lastKnownFileType = sourcecode.c.h; explicitFileType = undefined; includeInIndex = 0; };
		036DBCAC61C04785BDA3191D /* CDVInAppBrowser.m */ = {isa = PBXFileReference; name = "CDVInAppBrowser.m"; path = "cordova-plugin-inappbrowser/CDVInAppBrowser.m"; sourceTree = "<group>"; fileEncoding = 4; lastKnownFileType = sourcecode.c.objc; explicitFileType = undefined; includeInIndex = 0; };
		3416F946D3F649D9814D6B08 /* CDVInAppBrowser.h */ = {isa = PBXFileReference; name = "CDVInAppBrowser.h"; path = "cordova-plugin-inappbrowser/CDVInAppBrowser.h"; sourceTree = "<group>"; fileEncoding = 4; lastKnownFileType = sourcecode.c.h; explicitFileType = undefined; includeInIndex = 0; };
		0B397F8667654ACD895E68B6 /* CDVSplashScreen.m */ = {isa = PBXFileReference; name = "CDVSplashScreen.m"; path = "cordova-plugin-splashscreen/CDVSplashScreen.m"; sourceTree = "<group>"; fileEncoding = 4; lastKnownFileType = sourcecode.c.objc; explicitFileType = undefined; includeInIndex = 0; };
		C3FB1049379B4EFEA2B3A3B2 /* CDVViewController+SplashScreen.m */ = {isa = PBXFileReference; name = "CDVViewController+SplashScreen.m"; path = "cordova-plugin-splashscreen/CDVViewController+SplashScreen.m"; sourceTree = "<group>"; fileEncoding = 4; lastKnownFileType = sourcecode.c.objc; explicitFileType = undefined; includeInIndex = 0; };
		367D21A5E0F74BCC82BDA600 /* CDVSplashScreen.h */ = {isa = PBXFileReference; name = "CDVSplashScreen.h"; path = "cordova-plugin-splashscreen/CDVSplashScreen.h"; sourceTree = "<group>"; fileEncoding = 4; lastKnownFileType = sourcecode.c.h; explicitFileType = undefined; includeInIndex = 0; };
		82E6536E95CF497FACA7C0D6 /* CDVViewController+SplashScreen.h */ = {isa = PBXFileReference; name = "CDVViewController+SplashScreen.h"; path = "cordova-plugin-splashscreen/CDVViewController+SplashScreen.h"; sourceTree = "<group>"; fileEncoding = 4; lastKnownFileType = sourcecode.c.h; explicitFileType = undefined; includeInIndex = 0; };
		0D04AC3C8C1045D9A6A489DF /* CDVSplashScreen+IonicDeploy.m */ = {isa = PBXFileReference; name = "CDVSplashScreen+IonicDeploy.m"; path = "cordova-plugin-ionic/CDVSplashScreen+IonicDeploy.m"; sourceTree = "<group>"; fileEncoding = 4; lastKnownFileType = sourcecode.c.objc; explicitFileType = undefined; includeInIndex = 0; };
		1FEEE13318134289AADE9DC9 /* IonicConstant.m */ = {isa = PBXFileReference; name = "IonicConstant.m"; path = "cordova-plugin-ionic/IonicConstant.m"; sourceTree = "<group>"; fileEncoding = 4; lastKnownFileType = sourcecode.c.objc; explicitFileType = undefined; includeInIndex = 0; };
		B60DE3E48193483EB49A49C2 /* IonicDeploy.m */ = {isa = PBXFileReference; name = "IonicDeploy.m"; path = "cordova-plugin-ionic/IonicDeploy.m"; sourceTree = "<group>"; fileEncoding = 4; lastKnownFileType = sourcecode.c.objc; explicitFileType = undefined; includeInIndex = 0; };
		918CDC4A918B4E7E9C6BAFEE /* Download.m */ = {isa = PBXFileReference; name = "Download.m"; path = "cordova-plugin-ionic/Download.m"; sourceTree = "<group>"; fileEncoding = 4; lastKnownFileType = sourcecode.c.objc; explicitFileType = undefined; includeInIndex = 0; };
		325B315B23DE44A6A1CA7131 /* DownloadManager.m */ = {isa = PBXFileReference; name = "DownloadManager.m"; path = "cordova-plugin-ionic/DownloadManager.m"; sourceTree = "<group>"; fileEncoding = 4; lastKnownFileType = sourcecode.c.objc; explicitFileType = undefined; includeInIndex = 0; };
		FCEC6F47999F42BEBD4AF08B /* SSZipArchive.m */ = {isa = PBXFileReference; name = "SSZipArchive.m"; path = "cordova-plugin-ionic/SSZipArchive.m"; sourceTree = "<group>"; fileEncoding = 4; lastKnownFileType = sourcecode.c.objc; explicitFileType = undefined; includeInIndex = 0; };
		7542EEE34E3F446C90EBFAAB /* ioapi.c */ = {isa = PBXFileReference; name = "ioapi.c"; path = "cordova-plugin-ionic/ioapi.c"; sourceTree = "<group>"; fileEncoding = undefined; lastKnownFileType = unknown; explicitFileType = undefined; includeInIndex = 0; };
		F7696861D5154AE89A870FD7 /* unzip.c */ = {isa = PBXFileReference; name = "unzip.c"; path = "cordova-plugin-ionic/unzip.c"; sourceTree = "<group>"; fileEncoding = undefined; lastKnownFileType = unknown; explicitFileType = undefined; includeInIndex = 0; };
		1DDF4F52E94E41B1AA2152A6 /* zip.c */ = {isa = PBXFileReference; name = "zip.c"; path = "cordova-plugin-ionic/zip.c"; sourceTree = "<group>"; fileEncoding = undefined; lastKnownFileType = unknown; explicitFileType = undefined; includeInIndex = 0; };
		943ACCFD50BD4013B694B5AC /* adler32.c */ = {isa = PBXFileReference; name = "adler32.c"; path = "cordova-plugin-ionic/adler32.c"; sourceTree = "<group>"; fileEncoding = undefined; lastKnownFileType = unknown; explicitFileType = undefined; includeInIndex = 0; };
		BD4B46ADC47840EC8824470C /* compress.c */ = {isa = PBXFileReference; name = "compress.c"; path = "cordova-plugin-ionic/compress.c"; sourceTree = "<group>"; fileEncoding = undefined; lastKnownFileType = unknown; explicitFileType = undefined; includeInIndex = 0; };
		2807739795064DDBBE4D9266 /* crc32.c */ = {isa = PBXFileReference; name = "crc32.c"; path = "cordova-plugin-ionic/crc32.c"; sourceTree = "<group>"; fileEncoding = undefined; lastKnownFileType = unknown; explicitFileType = undefined; includeInIndex = 0; };
		D1E636772CDD4AAD9B9501BD /* deflate.c */ = {isa = PBXFileReference; name = "deflate.c"; path = "cordova-plugin-ionic/deflate.c"; sourceTree = "<group>"; fileEncoding = undefined; lastKnownFileType = unknown; explicitFileType = undefined; includeInIndex = 0; };
		49242DF44FE2480A84AB878D /* gzclose.c */ = {isa = PBXFileReference; name = "gzclose.c"; path = "cordova-plugin-ionic/gzclose.c"; sourceTree = "<group>"; fileEncoding = undefined; lastKnownFileType = unknown; explicitFileType = undefined; includeInIndex = 0; };
		7130239AB08B42E88FDB6582 /* gzlib.c */ = {isa = PBXFileReference; name = "gzlib.c"; path = "cordova-plugin-ionic/gzlib.c"; sourceTree = "<group>"; fileEncoding = undefined; lastKnownFileType = unknown; explicitFileType = undefined; includeInIndex = 0; };
		3FBFBF25C2804343920A9397 /* gzread.c */ = {isa = PBXFileReference; name = "gzread.c"; path = "cordova-plugin-ionic/gzread.c"; sourceTree = "<group>"; fileEncoding = undefined; lastKnownFileType = unknown; explicitFileType = undefined; includeInIndex = 0; };
		30F4405E9853413E8826E9B6 /* gzwrite.c */ = {isa = PBXFileReference; name = "gzwrite.c"; path = "cordova-plugin-ionic/gzwrite.c"; sourceTree = "<group>"; fileEncoding = undefined; lastKnownFileType = unknown; explicitFileType = undefined; includeInIndex = 0; };
		AF2EE1E5B6AF4018AB9295C5 /* infback.c */ = {isa = PBXFileReference; name = "infback.c"; path = "cordova-plugin-ionic/infback.c"; sourceTree = "<group>"; fileEncoding = undefined; lastKnownFileType = unknown; explicitFileType = undefined; includeInIndex = 0; };
		3262FBF3D30E4DB4A254D098 /* inffast.c */ = {isa = PBXFileReference; name = "inffast.c"; path = "cordova-plugin-ionic/inffast.c"; sourceTree = "<group>"; fileEncoding = undefined; lastKnownFileType = unknown; explicitFileType = undefined; includeInIndex = 0; };
		88667BDF1FDB4C49836F937B /* inflate.c */ = {isa = PBXFileReference; name = "inflate.c"; path = "cordova-plugin-ionic/inflate.c"; sourceTree = "<group>"; fileEncoding = undefined; lastKnownFileType = unknown; explicitFileType = undefined; includeInIndex = 0; };
		219FEB96D941448B89793880 /* inftrees.c */ = {isa = PBXFileReference; name = "inftrees.c"; path = "cordova-plugin-ionic/inftrees.c"; sourceTree = "<group>"; fileEncoding = undefined; lastKnownFileType = unknown; explicitFileType = undefined; includeInIndex = 0; };
		92AE868DCEC74F70B462D0DF /* trees.c */ = {isa = PBXFileReference; name = "trees.c"; path = "cordova-plugin-ionic/trees.c"; sourceTree = "<group>"; fileEncoding = undefined; lastKnownFileType = unknown; explicitFileType = undefined; includeInIndex = 0; };
		60F6F95BDDB14D3DB48D6080 /* uncompr.c */ = {isa = PBXFileReference; name = "uncompr.c"; path = "cordova-plugin-ionic/uncompr.c"; sourceTree = "<group>"; fileEncoding = undefined; lastKnownFileType = unknown; explicitFileType = undefined; includeInIndex = 0; };
		BAC02FF8B3C0458696272097 /* zutil.c */ = {isa = PBXFileReference; name = "zutil.c"; path = "cordova-plugin-ionic/zutil.c"; sourceTree = "<group>"; fileEncoding = undefined; lastKnownFileType = unknown; explicitFileType = undefined; includeInIndex = 0; };
		97E6560AC9C2418A8ACE28DD /* Base64.m */ = {isa = PBXFileReference; name = "Base64.m"; path = "cordova-plugin-ionic/Base64.m"; sourceTree = "<group>"; fileEncoding = 4; lastKnownFileType = sourcecode.c.objc; explicitFileType = undefined; includeInIndex = 0; };
		56838ACF5DAA438FA6DAEFAB /* UNIHTTPClientHelper.m */ = {isa = PBXFileReference; name = "UNIHTTPClientHelper.m"; path = "cordova-plugin-ionic/UNIHTTPClientHelper.m"; sourceTree = "<group>"; fileEncoding = 4; lastKnownFileType = sourcecode.c.objc; explicitFileType = undefined; includeInIndex = 0; };
		482BF656EDB241DB8C8D643C /* UNIHTTPRequest.m */ = {isa = PBXFileReference; name = "UNIHTTPRequest.m"; path = "cordova-plugin-ionic/UNIHTTPRequest.m"; sourceTree = "<group>"; fileEncoding = 4; lastKnownFileType = sourcecode.c.objc; explicitFileType = undefined; includeInIndex = 0; };
		DACAECEC4A7B4E62858A5577 /* UNIHTTPRequestWithBody.m */ = {isa = PBXFileReference; name = "UNIHTTPRequestWithBody.m"; path = "cordova-plugin-ionic/UNIHTTPRequestWithBody.m"; sourceTree = "<group>"; fileEncoding = 4; lastKnownFileType = sourcecode.c.objc; explicitFileType = undefined; includeInIndex = 0; };
		304709A4D7454125A5328CA1 /* UNIRest.m */ = {isa = PBXFileReference; name = "UNIRest.m"; path = "cordova-plugin-ionic/UNIRest.m"; sourceTree = "<group>"; fileEncoding = 4; lastKnownFileType = sourcecode.c.objc; explicitFileType = undefined; includeInIndex = 0; };
		39211B0F46FA465D940B3D5E /* UNIUrlConnection.m */ = {isa = PBXFileReference; name = "UNIUrlConnection.m"; path = "cordova-plugin-ionic/UNIUrlConnection.m"; sourceTree = "<group>"; fileEncoding = 4; lastKnownFileType = sourcecode.c.objc; explicitFileType = undefined; includeInIndex = 0; };
		6488957A9A124DD0A217E925 /* UNIBaseRequest.m */ = {isa = PBXFileReference; name = "UNIBaseRequest.m"; path = "cordova-plugin-ionic/UNIBaseRequest.m"; sourceTree = "<group>"; fileEncoding = 4; lastKnownFileType = sourcecode.c.objc; explicitFileType = undefined; includeInIndex = 0; };
		96ACA611DF6F495D955ACCC7 /* UNIBodyRequest.m */ = {isa = PBXFileReference; name = "UNIBodyRequest.m"; path = "cordova-plugin-ionic/UNIBodyRequest.m"; sourceTree = "<group>"; fileEncoding = 4; lastKnownFileType = sourcecode.c.objc; explicitFileType = undefined; includeInIndex = 0; };
		CBA18334A7874436B0FF6F71 /* UNISimpleRequest.m */ = {isa = PBXFileReference; name = "UNISimpleRequest.m"; path = "cordova-plugin-ionic/UNISimpleRequest.m"; sourceTree = "<group>"; fileEncoding = 4; lastKnownFileType = sourcecode.c.objc; explicitFileType = undefined; includeInIndex = 0; };
		FE1B4C4D964C4F99A8FAE6CF /* UNIHTTPBinaryResponse.m */ = {isa = PBXFileReference; name = "UNIHTTPBinaryResponse.m"; path = "cordova-plugin-ionic/UNIHTTPBinaryResponse.m"; sourceTree = "<group>"; fileEncoding = 4; lastKnownFileType = sourcecode.c.objc; explicitFileType = undefined; includeInIndex = 0; };
		4C0A4BA9B3FA4B9C9DA7F866 /* UNIHTTPJsonResponse.m */ = {isa = PBXFileReference; name = "UNIHTTPJsonResponse.m"; path = "cordova-plugin-ionic/UNIHTTPJsonResponse.m"; sourceTree = "<group>"; fileEncoding = 4; lastKnownFileType = sourcecode.c.objc; explicitFileType = undefined; includeInIndex = 0; };
		43DF33C223994A2D9D2A2CB0 /* UNIHTTPResponse.m */ = {isa = PBXFileReference; name = "UNIHTTPResponse.m"; path = "cordova-plugin-ionic/UNIHTTPResponse.m"; sourceTree = "<group>"; fileEncoding = 4; lastKnownFileType = sourcecode.c.objc; explicitFileType = undefined; includeInIndex = 0; };
		E9A5FC3F53EE4722B4AA1418 /* UNIHTTPStringResponse.m */ = {isa = PBXFileReference; name = "UNIHTTPStringResponse.m"; path = "cordova-plugin-ionic/UNIHTTPStringResponse.m"; sourceTree = "<group>"; fileEncoding = 4; lastKnownFileType = sourcecode.c.objc; explicitFileType = undefined; includeInIndex = 0; };
		B9E545C608AC4D94872B452C /* UNIJsonNode.m */ = {isa = PBXFileReference; name = "UNIJsonNode.m"; path = "cordova-plugin-ionic/UNIJsonNode.m"; sourceTree = "<group>"; fileEncoding = 4; lastKnownFileType = sourcecode.c.objc; explicitFileType = undefined; includeInIndex = 0; };
		1FEFD854E6FA49158FB729F6 /* IonicCordovaCommon.swift */ = {isa = PBXFileReference; name = "IonicCordovaCommon.swift"; path = "cordova-plugin-ionic/IonicCordovaCommon.swift"; sourceTree = "<group>"; fileEncoding = 4; lastKnownFileType = sourcecode.swift; explicitFileType = undefined; includeInIndex = 0; };
		A38C487649A845649042A4FE /* CDVSplashScreen+IonicDeploy.h */ = {isa = PBXFileReference; name = "CDVSplashScreen+IonicDeploy.h"; path = "cordova-plugin-ionic/CDVSplashScreen+IonicDeploy.h"; sourceTree = "<group>"; fileEncoding = 4; lastKnownFileType = sourcecode.c.h; explicitFileType = undefined; includeInIndex = 0; };
		2342BAD3CF4941FE869D040C /* IonicConstant.h */ = {isa = PBXFileReference; name = "IonicConstant.h"; path = "cordova-plugin-ionic/IonicConstant.h"; sourceTree = "<group>"; fileEncoding = 4; lastKnownFileType = sourcecode.c.h; explicitFileType = undefined; includeInIndex = 0; };
		0D2EF5BD67B54D0DA3A7061F /* IonicDeploy.h */ = {isa = PBXFileReference; name = "IonicDeploy.h"; path = "cordova-plugin-ionic/IonicDeploy.h"; sourceTree = "<group>"; fileEncoding = 4; lastKnownFileType = sourcecode.c.h; explicitFileType = undefined; includeInIndex = 0; };
		7AC082FA321B4200A28FEA5E /* Download.h */ = {isa = PBXFileReference; name = "Download.h"; path = "cordova-plugin-ionic/Download.h"; sourceTree = "<group>"; fileEncoding = 4; lastKnownFileType = sourcecode.c.h; explicitFileType = undefined; includeInIndex = 0; };
		7C7267225FB8491EBF95F3E9 /* DownloadManager.h */ = {isa = PBXFileReference; name = "DownloadManager.h"; path = "cordova-plugin-ionic/DownloadManager.h"; sourceTree = "<group>"; fileEncoding = 4; lastKnownFileType = sourcecode.c.h; explicitFileType = undefined; includeInIndex = 0; };
		E360ABDE07C94A18A0117BC9 /* SSZipArchive.h */ = {isa = PBXFileReference; name = "SSZipArchive.h"; path = "cordova-plugin-ionic/SSZipArchive.h"; sourceTree = "<group>"; fileEncoding = 4; lastKnownFileType = sourcecode.c.h; explicitFileType = undefined; includeInIndex = 0; };
		5615AC3F14D14C0D8B3D78C2 /* ARCHelper.h */ = {isa = PBXFileReference; name = "ARCHelper.h"; path = "cordova-plugin-ionic/ARCHelper.h"; sourceTree = "<group>"; fileEncoding = 4; lastKnownFileType = sourcecode.c.h; explicitFileType = undefined; includeInIndex = 0; };
		5CA7B0324E9C450795912196 /* crypt.h */ = {isa = PBXFileReference; name = "crypt.h"; path = "cordova-plugin-ionic/crypt.h"; sourceTree = "<group>"; fileEncoding = 4; lastKnownFileType = sourcecode.c.h; explicitFileType = undefined; includeInIndex = 0; };
		E4A9E018A1AD4FC7B760026D /* ioapi.h */ = {isa = PBXFileReference; name = "ioapi.h"; path = "cordova-plugin-ionic/ioapi.h"; sourceTree = "<group>"; fileEncoding = 4; lastKnownFileType = sourcecode.c.h; explicitFileType = undefined; includeInIndex = 0; };
		10B2AC0AE4D14228AE2574F7 /* unzip.h */ = {isa = PBXFileReference; name = "unzip.h"; path = "cordova-plugin-ionic/unzip.h"; sourceTree = "<group>"; fileEncoding = 4; lastKnownFileType = sourcecode.c.h; explicitFileType = undefined; includeInIndex = 0; };
		D6534AB8CE9441CCBF7B3AD1 /* zip.h */ = {isa = PBXFileReference; name = "zip.h"; path = "cordova-plugin-ionic/zip.h"; sourceTree = "<group>"; fileEncoding = 4; lastKnownFileType = sourcecode.c.h; explicitFileType = undefined; includeInIndex = 0; };
		BFA9E710B1984C55BBEB312D /* crc32.h */ = {isa = PBXFileReference; name = "crc32.h"; path = "cordova-plugin-ionic/crc32.h"; sourceTree = "<group>"; fileEncoding = 4; lastKnownFileType = sourcecode.c.h; explicitFileType = undefined; includeInIndex = 0; };
		E3E2E7BAB3AB4CCD9B026F05 /* deflate.h */ = {isa = PBXFileReference; name = "deflate.h"; path = "cordova-plugin-ionic/deflate.h"; sourceTree = "<group>"; fileEncoding = 4; lastKnownFileType = sourcecode.c.h; explicitFileType = undefined; includeInIndex = 0; };
		F6EF35FCD518467CBA9D3855 /* gzguts.h */ = {isa = PBXFileReference; name = "gzguts.h"; path = "cordova-plugin-ionic/gzguts.h"; sourceTree = "<group>"; fileEncoding = 4; lastKnownFileType = sourcecode.c.h; explicitFileType = undefined; includeInIndex = 0; };
		0D8919302C8445138CA386E5 /* inffast.h */ = {isa = PBXFileReference; name = "inffast.h"; path = "cordova-plugin-ionic/inffast.h"; sourceTree = "<group>"; fileEncoding = 4; lastKnownFileType = sourcecode.c.h; explicitFileType = undefined; includeInIndex = 0; };
		210233A147DF4DCDA6F99A8F /* inffixed.h */ = {isa = PBXFileReference; name = "inffixed.h"; path = "cordova-plugin-ionic/inffixed.h"; sourceTree = "<group>"; fileEncoding = 4; lastKnownFileType = sourcecode.c.h; explicitFileType = undefined; includeInIndex = 0; };
		D5E751809F5D44CFAD6D7A13 /* inflate.h */ = {isa = PBXFileReference; name = "inflate.h"; path = "cordova-plugin-ionic/inflate.h"; sourceTree = "<group>"; fileEncoding = 4; lastKnownFileType = sourcecode.c.h; explicitFileType = undefined; includeInIndex = 0; };
		CD89B94DFB22475CAF03EBFF /* inftrees.h */ = {isa = PBXFileReference; name = "inftrees.h"; path = "cordova-plugin-ionic/inftrees.h"; sourceTree = "<group>"; fileEncoding = 4; lastKnownFileType = sourcecode.c.h; explicitFileType = undefined; includeInIndex = 0; };
		63BB59002A334542BFA24EFC /* trees.h */ = {isa = PBXFileReference; name = "trees.h"; path = "cordova-plugin-ionic/trees.h"; sourceTree = "<group>"; fileEncoding = 4; lastKnownFileType = sourcecode.c.h; explicitFileType = undefined; includeInIndex = 0; };
		8520EB5F554241CD9F597C08 /* zconf.h */ = {isa = PBXFileReference; name = "zconf.h"; path = "cordova-plugin-ionic/zconf.h"; sourceTree = "<group>"; fileEncoding = 4; lastKnownFileType = sourcecode.c.h; explicitFileType = undefined; includeInIndex = 0; };
		88AC6D4294A34F58BAEAAD47 /* zlib.h */ = {isa = PBXFileReference; name = "zlib.h"; path = "cordova-plugin-ionic/zlib.h"; sourceTree = "<group>"; fileEncoding = 4; lastKnownFileType = sourcecode.c.h; explicitFileType = undefined; includeInIndex = 0; };
		B25E1536A41040E392C0B677 /* zutil.h */ = {isa = PBXFileReference; name = "zutil.h"; path = "cordova-plugin-ionic/zutil.h"; sourceTree = "<group>"; fileEncoding = 4; lastKnownFileType = sourcecode.c.h; explicitFileType = undefined; includeInIndex = 0; };
		64F7C46D0E86439A83C7A4C0 /* Base64.h */ = {isa = PBXFileReference; name = "Base64.h"; path = "cordova-plugin-ionic/Base64.h"; sourceTree = "<group>"; fileEncoding = 4; lastKnownFileType = sourcecode.c.h; explicitFileType = undefined; includeInIndex = 0; };
		24D00557A97148E88BA54CAA /* UNIHTTPClientHelper.h */ = {isa = PBXFileReference; name = "UNIHTTPClientHelper.h"; path = "cordova-plugin-ionic/UNIHTTPClientHelper.h"; sourceTree = "<group>"; fileEncoding = 4; lastKnownFileType = sourcecode.c.h; explicitFileType = undefined; includeInIndex = 0; };
		4FB2CAEA02534E2F86AD639F /* UNIHTTPRequest.h */ = {isa = PBXFileReference; name = "UNIHTTPRequest.h"; path = "cordova-plugin-ionic/UNIHTTPRequest.h"; sourceTree = "<group>"; fileEncoding = 4; lastKnownFileType = sourcecode.c.h; explicitFileType = undefined; includeInIndex = 0; };
		B8021CC9BD524205A1C5F5F0 /* UNIHTTPRequestWithBody.h */ = {isa = PBXFileReference; name = "UNIHTTPRequestWithBody.h"; path = "cordova-plugin-ionic/UNIHTTPRequestWithBody.h"; sourceTree = "<group>"; fileEncoding = 4; lastKnownFileType = sourcecode.c.h; explicitFileType = undefined; includeInIndex = 0; };
		E0809645977A4025AC929840 /* Unirest-Prefix.pch */ = {isa = PBXFileReference; name = "Unirest-Prefix.pch"; path = "cordova-plugin-ionic/Unirest-Prefix.pch"; sourceTree = "<group>"; fileEncoding = 4; lastKnownFileType = sourcecode.c.h; explicitFileType = undefined; includeInIndex = 0; };
		DAB30616357047BDA2A35BEC /* UNIRest.h */ = {isa = PBXFileReference; name = "UNIRest.h"; path = "cordova-plugin-ionic/UNIRest.h"; sourceTree = "<group>"; fileEncoding = 4; lastKnownFileType = sourcecode.c.h; explicitFileType = undefined; includeInIndex = 0; };
		3EFFB21C6FA44F2FA7E00EDE /* UNIUrlConnection.h */ = {isa = PBXFileReference; name = "UNIUrlConnection.h"; path = "cordova-plugin-ionic/UNIUrlConnection.h"; sourceTree = "<group>"; fileEncoding = 4; lastKnownFileType = sourcecode.c.h; explicitFileType = undefined; includeInIndex = 0; };
		D66C9048AD164A3CAD97311F /* UNIBaseRequest.h */ = {isa = PBXFileReference; name = "UNIBaseRequest.h"; path = "cordova-plugin-ionic/UNIBaseRequest.h"; sourceTree = "<group>"; fileEncoding = 4; lastKnownFileType = sourcecode.c.h; explicitFileType = undefined; includeInIndex = 0; };
		D68238E8AD3340A8A390BAF6 /* UNIBodyRequest.h */ = {isa = PBXFileReference; name = "UNIBodyRequest.h"; path = "cordova-plugin-ionic/UNIBodyRequest.h"; sourceTree = "<group>"; fileEncoding = 4; lastKnownFileType = sourcecode.c.h; explicitFileType = undefined; includeInIndex = 0; };
		947A117D76EE4232A0ABD036 /* UNISimpleRequest.h */ = {isa = PBXFileReference; name = "UNISimpleRequest.h"; path = "cordova-plugin-ionic/UNISimpleRequest.h"; sourceTree = "<group>"; fileEncoding = 4; lastKnownFileType = sourcecode.c.h; explicitFileType = undefined; includeInIndex = 0; };
		F23FF983E9A64C72949D16E1 /* UNIHTTPBinaryResponse.h */ = {isa = PBXFileReference; name = "UNIHTTPBinaryResponse.h"; path = "cordova-plugin-ionic/UNIHTTPBinaryResponse.h"; sourceTree = "<group>"; fileEncoding = 4; lastKnownFileType = sourcecode.c.h; explicitFileType = undefined; includeInIndex = 0; };
		CCD54E978044433CA0C1476A /* UNIHTTPJsonResponse.h */ = {isa = PBXFileReference; name = "UNIHTTPJsonResponse.h"; path = "cordova-plugin-ionic/UNIHTTPJsonResponse.h"; sourceTree = "<group>"; fileEncoding = 4; lastKnownFileType = sourcecode.c.h; explicitFileType = undefined; includeInIndex = 0; };
		ABEFAA064D364B17B83E4612 /* UNIHTTPResponse.h */ = {isa = PBXFileReference; name = "UNIHTTPResponse.h"; path = "cordova-plugin-ionic/UNIHTTPResponse.h"; sourceTree = "<group>"; fileEncoding = 4; lastKnownFileType = sourcecode.c.h; explicitFileType = undefined; includeInIndex = 0; };
		84B79FBAAF154F2891286633 /* UNIHTTPStringResponse.h */ = {isa = PBXFileReference; name = "UNIHTTPStringResponse.h"; path = "cordova-plugin-ionic/UNIHTTPStringResponse.h"; sourceTree = "<group>"; fileEncoding = 4; lastKnownFileType = sourcecode.c.h; explicitFileType = undefined; includeInIndex = 0; };
		8865D48D114C4CD49A04A16B /* UNIJsonNode.h */ = {isa = PBXFileReference; name = "UNIJsonNode.h"; path = "cordova-plugin-ionic/UNIJsonNode.h"; sourceTree = "<group>"; fileEncoding = 4; lastKnownFileType = sourcecode.c.h; explicitFileType = undefined; includeInIndex = 0; };
		9419385B14CF4DD6A4E22EB5 /* CDVWKWebViewEngine.m */ = {isa = PBXFileReference; name = "CDVWKWebViewEngine.m"; path = "cordova-plugin-ionic-webview/CDVWKWebViewEngine.m"; sourceTree = "<group>"; fileEncoding = 4; lastKnownFileType = sourcecode.c.objc; explicitFileType = undefined; includeInIndex = 0; };
		23A69C8745A247AEAB002917 /* CDVWKWebViewUIDelegate.m */ = {isa = PBXFileReference; name = "CDVWKWebViewUIDelegate.m"; path = "cordova-plugin-ionic-webview/CDVWKWebViewUIDelegate.m"; sourceTree = "<group>"; fileEncoding = 4; lastKnownFileType = sourcecode.c.objc; explicitFileType = undefined; includeInIndex = 0; };
		749EE348BBA048DF8A85577E /* CDVWKProcessPoolFactory.m */ = {isa = PBXFileReference; name = "CDVWKProcessPoolFactory.m"; path = "cordova-plugin-ionic-webview/CDVWKProcessPoolFactory.m"; sourceTree = "<group>"; fileEncoding = 4; lastKnownFileType = sourcecode.c.objc; explicitFileType = undefined; includeInIndex = 0; };
		F7DF116CF27946818DA5EAD1 /* GCDWebServer.m */ = {isa = PBXFileReference; name = "GCDWebServer.m"; path = "cordova-plugin-ionic-webview/GCDWebServer.m"; sourceTree = "<group>"; fileEncoding = 4; lastKnownFileType = sourcecode.c.objc; explicitFileType = undefined; includeInIndex = 0; };
		6B601FB856B44818884EB17C /* GCDWebServerConnection.m */ = {isa = PBXFileReference; name = "GCDWebServerConnection.m"; path = "cordova-plugin-ionic-webview/GCDWebServerConnection.m"; sourceTree = "<group>"; fileEncoding = 4; lastKnownFileType = sourcecode.c.objc; explicitFileType = undefined; includeInIndex = 0; };
		85A0F72CED4F4E48A023F505 /* GCDWebServerFunctions.m */ = {isa = PBXFileReference; name = "GCDWebServerFunctions.m"; path = "cordova-plugin-ionic-webview/GCDWebServerFunctions.m"; sourceTree = "<group>"; fileEncoding = 4; lastKnownFileType = sourcecode.c.objc; explicitFileType = undefined; includeInIndex = 0; };
		71D705B44A914A2399650E0A /* GCDWebServerRequest.m */ = {isa = PBXFileReference; name = "GCDWebServerRequest.m"; path = "cordova-plugin-ionic-webview/GCDWebServerRequest.m"; sourceTree = "<group>"; fileEncoding = 4; lastKnownFileType = sourcecode.c.objc; explicitFileType = undefined; includeInIndex = 0; };
		0D665E0505304E59A435572A /* GCDWebServerResponse.m */ = {isa = PBXFileReference; name = "GCDWebServerResponse.m"; path = "cordova-plugin-ionic-webview/GCDWebServerResponse.m"; sourceTree = "<group>"; fileEncoding = 4; lastKnownFileType = sourcecode.c.objc; explicitFileType = undefined; includeInIndex = 0; };
		D846A249E7864AEBA72030AD /* GCDWebServerDataRequest.m */ = {isa = PBXFileReference; name = "GCDWebServerDataRequest.m"; path = "cordova-plugin-ionic-webview/GCDWebServerDataRequest.m"; sourceTree = "<group>"; fileEncoding = 4; lastKnownFileType = sourcecode.c.objc; explicitFileType = undefined; includeInIndex = 0; };
		D3BC7896C2A643BA86CC5915 /* GCDWebServerFileRequest.m */ = {isa = PBXFileReference; name = "GCDWebServerFileRequest.m"; path = "cordova-plugin-ionic-webview/GCDWebServerFileRequest.m"; sourceTree = "<group>"; fileEncoding = 4; lastKnownFileType = sourcecode.c.objc; explicitFileType = undefined; includeInIndex = 0; };
		3DE2A004DE0645919D3CEA5D /* GCDWebServerMultiPartFormRequest.m */ = {isa = PBXFileReference; name = "GCDWebServerMultiPartFormRequest.m"; path = "cordova-plugin-ionic-webview/GCDWebServerMultiPartFormRequest.m"; sourceTree = "<group>"; fileEncoding = 4; lastKnownFileType = sourcecode.c.objc; explicitFileType = undefined; includeInIndex = 0; };
		C7F4F472EF064C37A2BF36D2 /* GCDWebServerURLEncodedFormRequest.m */ = {isa = PBXFileReference; name = "GCDWebServerURLEncodedFormRequest.m"; path = "cordova-plugin-ionic-webview/GCDWebServerURLEncodedFormRequest.m"; sourceTree = "<group>"; fileEncoding = 4; lastKnownFileType = sourcecode.c.objc; explicitFileType = undefined; includeInIndex = 0; };
		F8822BB6208D4BB09445D564 /* GCDWebServerDataResponse.m */ = {isa = PBXFileReference; name = "GCDWebServerDataResponse.m"; path = "cordova-plugin-ionic-webview/GCDWebServerDataResponse.m"; sourceTree = "<group>"; fileEncoding = 4; lastKnownFileType = sourcecode.c.objc; explicitFileType = undefined; includeInIndex = 0; };
		7D2157574E554BE898289359 /* GCDWebServerErrorResponse.m */ = {isa = PBXFileReference; name = "GCDWebServerErrorResponse.m"; path = "cordova-plugin-ionic-webview/GCDWebServerErrorResponse.m"; sourceTree = "<group>"; fileEncoding = 4; lastKnownFileType = sourcecode.c.objc; explicitFileType = undefined; includeInIndex = 0; };
		57C71C543E674778AF7FC1B1 /* GCDWebServerFileResponse.m */ = {isa = PBXFileReference; name = "GCDWebServerFileResponse.m"; path = "cordova-plugin-ionic-webview/GCDWebServerFileResponse.m"; sourceTree = "<group>"; fileEncoding = 4; lastKnownFileType = sourcecode.c.objc; explicitFileType = undefined; includeInIndex = 0; };
		265A576AA1364598A4BFA3EE /* GCDWebServerStreamedResponse.m */ = {isa = PBXFileReference; name = "GCDWebServerStreamedResponse.m"; path = "cordova-plugin-ionic-webview/GCDWebServerStreamedResponse.m"; sourceTree = "<group>"; fileEncoding = 4; lastKnownFileType = sourcecode.c.objc; explicitFileType = undefined; includeInIndex = 0; };
		8BFCB644B63A43D6A7F0238A /* CDVWKWebViewEngine.h */ = {isa = PBXFileReference; name = "CDVWKWebViewEngine.h"; path = "cordova-plugin-ionic-webview/CDVWKWebViewEngine.h"; sourceTree = "<group>"; fileEncoding = 4; lastKnownFileType = sourcecode.c.h; explicitFileType = undefined; includeInIndex = 0; };
		C22256A3359C498CB728101D /* CDVWKWebViewUIDelegate.h */ = {isa = PBXFileReference; name = "CDVWKWebViewUIDelegate.h"; path = "cordova-plugin-ionic-webview/CDVWKWebViewUIDelegate.h"; sourceTree = "<group>"; fileEncoding = 4; lastKnownFileType = sourcecode.c.h; explicitFileType = undefined; includeInIndex = 0; };
		1B0F3D80E963444B90D40E5C /* CDVWKProcessPoolFactory.h */ = {isa = PBXFileReference; name = "CDVWKProcessPoolFactory.h"; path = "cordova-plugin-ionic-webview/CDVWKProcessPoolFactory.h"; sourceTree = "<group>"; fileEncoding = 4; lastKnownFileType = sourcecode.c.h; explicitFileType = undefined; includeInIndex = 0; };
		0174DE1E3B9443EDA8F6610D /* GCDWebServer.h */ = {isa = PBXFileReference; name = "GCDWebServer.h"; path = "cordova-plugin-ionic-webview/GCDWebServer.h"; sourceTree = "<group>"; fileEncoding = 4; lastKnownFileType = sourcecode.c.h; explicitFileType = undefined; includeInIndex = 0; };
		7BEF16B916674C408ED4D3AA /* GCDWebServerConnection.h */ = {isa = PBXFileReference; name = "GCDWebServerConnection.h"; path = "cordova-plugin-ionic-webview/GCDWebServerConnection.h"; sourceTree = "<group>"; fileEncoding = 4; lastKnownFileType = sourcecode.c.h; explicitFileType = undefined; includeInIndex = 0; };
		F5F049E7B52D4D4A95B974E0 /* GCDWebServerFunctions.h */ = {isa = PBXFileReference; name = "GCDWebServerFunctions.h"; path = "cordova-plugin-ionic-webview/GCDWebServerFunctions.h"; sourceTree = "<group>"; fileEncoding = 4; lastKnownFileType = sourcecode.c.h; explicitFileType = undefined; includeInIndex = 0; };
		2E3C5CE9D8BC480EBBF2B32F /* GCDWebServerHTTPStatusCodes.h */ = {isa = PBXFileReference; name = "GCDWebServerHTTPStatusCodes.h"; path = "cordova-plugin-ionic-webview/GCDWebServerHTTPStatusCodes.h"; sourceTree = "<group>"; fileEncoding = 4; lastKnownFileType = sourcecode.c.h; explicitFileType = undefined; includeInIndex = 0; };
		6A4F496D27094AA88BCD7021 /* GCDWebServerPrivate.h */ = {isa = PBXFileReference; name = "GCDWebServerPrivate.h"; path = "cordova-plugin-ionic-webview/GCDWebServerPrivate.h"; sourceTree = "<group>"; fileEncoding = 4; lastKnownFileType = sourcecode.c.h; explicitFileType = undefined; includeInIndex = 0; };
		FC54DCE1A12446C6B716D5E5 /* GCDWebServerRequest.h */ = {isa = PBXFileReference; name = "GCDWebServerRequest.h"; path = "cordova-plugin-ionic-webview/GCDWebServerRequest.h"; sourceTree = "<group>"; fileEncoding = 4; lastKnownFileType = sourcecode.c.h; explicitFileType = undefined; includeInIndex = 0; };
		E74915B843F44A1BA0D21594 /* GCDWebServerResponse.h */ = {isa = PBXFileReference; name = "GCDWebServerResponse.h"; path = "cordova-plugin-ionic-webview/GCDWebServerResponse.h"; sourceTree = "<group>"; fileEncoding = 4; lastKnownFileType = sourcecode.c.h; explicitFileType = undefined; includeInIndex = 0; };
		73F54774350848E38E2ECAAB /* GCDWebServerDataRequest.h */ = {isa = PBXFileReference; name = "GCDWebServerDataRequest.h"; path = "cordova-plugin-ionic-webview/GCDWebServerDataRequest.h"; sourceTree = "<group>"; fileEncoding = 4; lastKnownFileType = sourcecode.c.h; explicitFileType = undefined; includeInIndex = 0; };
		71AF7F6B122D4AF7AFF05985 /* GCDWebServerFileRequest.h */ = {isa = PBXFileReference; name = "GCDWebServerFileRequest.h"; path = "cordova-plugin-ionic-webview/GCDWebServerFileRequest.h"; sourceTree = "<group>"; fileEncoding = 4; lastKnownFileType = sourcecode.c.h; explicitFileType = undefined; includeInIndex = 0; };
		0D8337E0B72746DFB161F008 /* GCDWebServerMultiPartFormRequest.h */ = {isa = PBXFileReference; name = "GCDWebServerMultiPartFormRequest.h"; path = "cordova-plugin-ionic-webview/GCDWebServerMultiPartFormRequest.h"; sourceTree = "<group>"; fileEncoding = 4; lastKnownFileType = sourcecode.c.h; explicitFileType = undefined; includeInIndex = 0; };
		41B3BAD6B448459C9318E7EA /* GCDWebServerURLEncodedFormRequest.h */ = {isa = PBXFileReference; name = "GCDWebServerURLEncodedFormRequest.h"; path = "cordova-plugin-ionic-webview/GCDWebServerURLEncodedFormRequest.h"; sourceTree = "<group>"; fileEncoding = 4; lastKnownFileType = sourcecode.c.h; explicitFileType = undefined; includeInIndex = 0; };
		9E60CEC922584999A4F9623F /* GCDWebServerDataResponse.h */ = {isa = PBXFileReference; name = "GCDWebServerDataResponse.h"; path = "cordova-plugin-ionic-webview/GCDWebServerDataResponse.h"; sourceTree = "<group>"; fileEncoding = 4; lastKnownFileType = sourcecode.c.h; explicitFileType = undefined; includeInIndex = 0; };
		63CA89D973DD4501A0D3BCFC /* GCDWebServerErrorResponse.h */ = {isa = PBXFileReference; name = "GCDWebServerErrorResponse.h"; path = "cordova-plugin-ionic-webview/GCDWebServerErrorResponse.h"; sourceTree = "<group>"; fileEncoding = 4; lastKnownFileType = sourcecode.c.h; explicitFileType = undefined; includeInIndex = 0; };
		8342BB6F286744D290800FE9 /* GCDWebServerFileResponse.h */ = {isa = PBXFileReference; name = "GCDWebServerFileResponse.h"; path = "cordova-plugin-ionic-webview/GCDWebServerFileResponse.h"; sourceTree = "<group>"; fileEncoding = 4; lastKnownFileType = sourcecode.c.h; explicitFileType = undefined; includeInIndex = 0; };
		D5AC16A5FEF34E468D8FDBF6 /* GCDWebServerStreamedResponse.h */ = {isa = PBXFileReference; name = "GCDWebServerStreamedResponse.h"; path = "cordova-plugin-ionic-webview/GCDWebServerStreamedResponse.h"; sourceTree = "<group>"; fileEncoding = 4; lastKnownFileType = sourcecode.c.h; explicitFileType = undefined; includeInIndex = 0; };
		2383EDECA5154D72941E74B0 /* WebKit.framework */ = {isa = PBXFileReference; name = "WebKit.framework"; path = "System/Library/Frameworks/WebKit.framework"; sourceTree = SDKROOT; fileEncoding = undefined; lastKnownFileType = wrapper.framework; explicitFileType = undefined; includeInIndex = 0; };
		042C9ED66F364A37B7BC95CC /* libz.tbd */ = {isa = PBXFileReference; name = "libz.tbd"; path = "usr/lib/libz.tbd"; sourceTree = SDKROOT; fileEncoding = undefined; lastKnownFileType = sourcecode.text-based-dylib-definition; explicitFileType = undefined; includeInIndex = 0; };
		85C92912224C4B5D9A71216B /* IonicKeyboard.m */ = {isa = PBXFileReference; name = "IonicKeyboard.m"; path = "ionic-plugin-keyboard/IonicKeyboard.m"; sourceTree = "<group>"; fileEncoding = 4; lastKnownFileType = sourcecode.c.objc; explicitFileType = undefined; includeInIndex = 0; };
		D153769889FB425D8B797F92 /* IonicKeyboard.h */ = {isa = PBXFileReference; name = "IonicKeyboard.h"; path = "ionic-plugin-keyboard/IonicKeyboard.h"; sourceTree = "<group>"; fileEncoding = 4; lastKnownFileType = sourcecode.c.h; explicitFileType = undefined; includeInIndex = 0; };
		7043F3C54B63431CBA4B4A8B /* SQLitePlugin.m */ = {isa = PBXFileReference; name = "SQLitePlugin.m"; path = "cordova-sqlite-storage/SQLitePlugin.m"; sourceTree = "<group>"; fileEncoding = 4; lastKnownFileType = sourcecode.c.objc; explicitFileType = undefined; includeInIndex = 0; };
		096B2789A2F4454E938D88EF /* PSPDFThreadSafeMutableDictionary.m */ = {isa = PBXFileReference; name = "PSPDFThreadSafeMutableDictionary.m"; path = "cordova-sqlite-storage/PSPDFThreadSafeMutableDictionary.m"; sourceTree = "<group>"; fileEncoding = 4; lastKnownFileType = sourcecode.c.objc; explicitFileType = undefined; includeInIndex = 0; };
		810E1A3493494D4895EB27FD /* sqlite3.c */ = {isa = PBXFileReference; name = "sqlite3.c"; path = "cordova-sqlite-storage/sqlite3.c"; sourceTree = "<group>"; fileEncoding = undefined; lastKnownFileType = unknown; explicitFileType = undefined; includeInIndex = 0; };
		DA6F2E37BAEE466FAC96ADD8 /* SQLitePlugin.h */ = {isa = PBXFileReference; name = "SQLitePlugin.h"; path = "cordova-sqlite-storage/SQLitePlugin.h"; sourceTree = "<group>"; fileEncoding = 4; lastKnownFileType = sourcecode.c.h; explicitFileType = undefined; includeInIndex = 0; };
		61E0C593CF5D48048BF27FDF /* PSPDFThreadSafeMutableDictionary.h */ = {isa = PBXFileReference; name = "PSPDFThreadSafeMutableDictionary.h"; path = "cordova-sqlite-storage/PSPDFThreadSafeMutableDictionary.h"; sourceTree = "<group>"; fileEncoding = 4; lastKnownFileType = sourcecode.c.h; explicitFileType = undefined; includeInIndex = 0; };
		EFD1E45EF43B4AB59704703C /* sqlite3.h */ = {isa = PBXFileReference; name = "sqlite3.h"; path = "cordova-sqlite-storage/sqlite3.h"; sourceTree = "<group>"; fileEncoding = 4; lastKnownFileType = sourcecode.c.h; explicitFileType = undefined; includeInIndex = 0; };
		997FA5793A574ECC80E560D7 /* XCDYouTubeClient.m */ = {isa = PBXFileReference; name = "XCDYouTubeClient.m"; path = "cordova-plugin-youtube-video-player/XCDYouTubeClient.m"; sourceTree = "<group>"; fileEncoding = 4; lastKnownFileType = sourcecode.c.objc; explicitFileType = undefined; includeInIndex = 0; };
		0783E73D617D41E7A0103BAF /* XCDYouTubePlayerScript.m */ = {isa = PBXFileReference; name = "XCDYouTubePlayerScript.m"; path = "cordova-plugin-youtube-video-player/XCDYouTubePlayerScript.m"; sourceTree = "<group>"; fileEncoding = 4; lastKnownFileType = sourcecode.c.objc; explicitFileType = undefined; includeInIndex = 0; };
		3540668576434A3DB40CFD46 /* XCDYouTubeVideo.m */ = {isa = PBXFileReference; name = "XCDYouTubeVideo.m"; path = "cordova-plugin-youtube-video-player/XCDYouTubeVideo.m"; sourceTree = "<group>"; fileEncoding = 4; lastKnownFileType = sourcecode.c.objc; explicitFileType = undefined; includeInIndex = 0; };
		D1E1B1119A4D4A06A8FCCF61 /* XCDYouTubeVideoOperation.m */ = {isa = PBXFileReference; name = "XCDYouTubeVideoOperation.m"; path = "cordova-plugin-youtube-video-player/XCDYouTubeVideoOperation.m"; sourceTree = "<group>"; fileEncoding = 4; lastKnownFileType = sourcecode.c.objc; explicitFileType = undefined; includeInIndex = 0; };
		2FF5C10E0AFC4CBE83A80F4F /* XCDYouTubeVideoPlayerViewController.m */ = {isa = PBXFileReference; name = "XCDYouTubeVideoPlayerViewController.m"; path = "cordova-plugin-youtube-video-player/XCDYouTubeVideoPlayerViewController.m"; sourceTree = "<group>"; fileEncoding = 4; lastKnownFileType = sourcecode.c.objc; explicitFileType = undefined; includeInIndex = 0; };
		EE6177402BF44A51ABF14E58 /* XCDYouTubeVideoWebpage.m */ = {isa = PBXFileReference; name = "XCDYouTubeVideoWebpage.m"; path = "cordova-plugin-youtube-video-player/XCDYouTubeVideoWebpage.m"; sourceTree = "<group>"; fileEncoding = 4; lastKnownFileType = sourcecode.c.objc; explicitFileType = undefined; includeInIndex = 0; };
		78E575CD6E4F40079194D277 /* YoutubeVideoPlayer.m */ = {isa = PBXFileReference; name = "YoutubeVideoPlayer.m"; path = "cordova-plugin-youtube-video-player/YoutubeVideoPlayer.m"; sourceTree = "<group>"; fileEncoding = 4; lastKnownFileType = sourcecode.c.objc; explicitFileType = undefined; includeInIndex = 0; };
		6670C4A5D487495FA7E7C321 /* XCDYouTubeClient.h */ = {isa = PBXFileReference; name = "XCDYouTubeClient.h"; path = "cordova-plugin-youtube-video-player/XCDYouTubeClient.h"; sourceTree = "<group>"; fileEncoding = 4; lastKnownFileType = sourcecode.c.h; explicitFileType = undefined; includeInIndex = 0; };
		E126985151DD494784D9416F /* XCDYouTubeError.h */ = {isa = PBXFileReference; name = "XCDYouTubeError.h"; path = "cordova-plugin-youtube-video-player/XCDYouTubeError.h"; sourceTree = "<group>"; fileEncoding = 4; lastKnownFileType = sourcecode.c.h; explicitFileType = undefined; includeInIndex = 0; };
		2B9FD80F13EB40F980B35464 /* XCDYouTubeKit.h */ = {isa = PBXFileReference; name = "XCDYouTubeKit.h"; path = "cordova-plugin-youtube-video-player/XCDYouTubeKit.h"; sourceTree = "<group>"; fileEncoding = 4; lastKnownFileType = sourcecode.c.h; explicitFileType = undefined; includeInIndex = 0; };
		1F6E7D80CBC54DEF934D99FB /* XCDYouTubeOperation.h */ = {isa = PBXFileReference; name = "XCDYouTubeOperation.h"; path = "cordova-plugin-youtube-video-player/XCDYouTubeOperation.h"; sourceTree = "<group>"; fileEncoding = 4; lastKnownFileType = sourcecode.c.h; explicitFileType = undefined; includeInIndex = 0; };
		D491E12767B04FC88CA965D4 /* XCDYouTubePlayerScript.h */ = {isa = PBXFileReference; name = "XCDYouTubePlayerScript.h"; path = "cordova-plugin-youtube-video-player/XCDYouTubePlayerScript.h"; sourceTree = "<group>"; fileEncoding = 4; lastKnownFileType = sourcecode.c.h; explicitFileType = undefined; includeInIndex = 0; };
		73923A9EF8594CA89BC24B88 /* XCDYouTubeVideo.h */ = {isa = PBXFileReference; name = "XCDYouTubeVideo.h"; path = "cordova-plugin-youtube-video-player/XCDYouTubeVideo.h"; sourceTree = "<group>"; fileEncoding = 4; lastKnownFileType = sourcecode.c.h; explicitFileType = undefined; includeInIndex = 0; };
		CFF7ECE5C5594B558BFB24BE /* XCDYouTubeVideo+Private.h */ = {isa = PBXFileReference; name = "XCDYouTubeVideo+Private.h"; path = "cordova-plugin-youtube-video-player/XCDYouTubeVideo+Private.h"; sourceTree = "<group>"; fileEncoding = 4; lastKnownFileType = sourcecode.c.h; explicitFileType = undefined; includeInIndex = 0; };
		37C0783634814CAAA3764630 /* XCDYouTubeVideoOperation.h */ = {isa = PBXFileReference; name = "XCDYouTubeVideoOperation.h"; path = "cordova-plugin-youtube-video-player/XCDYouTubeVideoOperation.h"; sourceTree = "<group>"; fileEncoding = 4; lastKnownFileType = sourcecode.c.h; explicitFileType = undefined; includeInIndex = 0; };
		3F4C6E3AA1A2480782842E41 /* XCDYouTubeVideoPlayerViewController.h */ = {isa = PBXFileReference; name = "XCDYouTubeVideoPlayerViewController.h"; path = "cordova-plugin-youtube-video-player/XCDYouTubeVideoPlayerViewController.h"; sourceTree = "<group>"; fileEncoding = 4; lastKnownFileType = sourcecode.c.h; explicitFileType = undefined; includeInIndex = 0; };
		5EAC9C8AA3E54629A66C8134 /* XCDYouTubeVideoWebpage.h */ = {isa = PBXFileReference; name = "XCDYouTubeVideoWebpage.h"; path = "cordova-plugin-youtube-video-player/XCDYouTubeVideoWebpage.h"; sourceTree = "<group>"; fileEncoding = 4; lastKnownFileType = sourcecode.c.h; explicitFileType = undefined; includeInIndex = 0; };
		1186D34B4A6E44FA87F3B5DE /* YoutubeVideoPlayer.h */ = {isa = PBXFileReference; name = "YoutubeVideoPlayer.h"; path = "cordova-plugin-youtube-video-player/YoutubeVideoPlayer.h"; sourceTree = "<group>"; fileEncoding = 4; lastKnownFileType = sourcecode.c.h; explicitFileType = undefined; includeInIndex = 0; };
		B148F7E7D76E43739F06B320 /* MediaPlayer.framework */ = {isa = PBXFileReference; name = "MediaPlayer.framework"; path = "System/Library/Frameworks/MediaPlayer.framework"; sourceTree = SDKROOT; fileEncoding = undefined; lastKnownFileType = wrapper.framework; explicitFileType = undefined; includeInIndex = 0; };
		72B71CE5123146969289AB98 /* AVFoundation.framework */ = {isa = PBXFileReference; name = "AVFoundation.framework"; path = "System/Library/Frameworks/AVFoundation.framework"; sourceTree = SDKROOT; fileEncoding = undefined; lastKnownFileType = wrapper.framework; explicitFileType = undefined; includeInIndex = 0; };
		EBAE7E9E165A4825BF85FC1D /* JavaScriptCore.framework */ = {isa = PBXFileReference; name = "JavaScriptCore.framework"; path = "System/Library/Frameworks/JavaScriptCore.framework"; sourceTree = SDKROOT; fileEncoding = undefined; lastKnownFileType = wrapper.framework; explicitFileType = undefined; includeInIndex = 0; };
/* End PBXFileReference section */

/* Begin PBXFrameworksBuildPhase section */
		1D60588F0D05DD3D006BFB54 /* Frameworks */ = {
			isa = PBXFrameworksBuildPhase;
			buildActionMask = 2147483647;
			files = (
				301BF552109A68D80062928A /* libCordova.a in Frameworks */,
				A9A82BA499EB486989240B94 /* WebKit.framework in Frameworks */,
				502230C4EA5745E19A385062 /* libz.tbd in Frameworks */,
				55A24A44568C41E1B95CF6D3 /* MediaPlayer.framework in Frameworks */,
				7267CE4B514E45018C1128BE /* AVFoundation.framework in Frameworks */,
				8B1A994E35D644D4ADD84CC0 /* JavaScriptCore.framework in Frameworks */,
			);
			runOnlyForDeploymentPostprocessing = 0;
		};
/* End PBXFrameworksBuildPhase section */

/* Begin PBXGroup section */
		080E96DDFE201D6D7F000001 /* Classes */ = {
			isa = PBXGroup;
			children = (
				302D95EE14D2391D003F00A1 /* MainViewController.h */,
				302D95EF14D2391D003F00A1 /* MainViewController.m */,
				302D95F014D2391D003F00A1 /* MainViewController.xib */,
				1D3623240D0F684500981E51 /* AppDelegate.h */,
				1D3623250D0F684500981E51 /* AppDelegate.m */,
			);
			name = Classes;
			path = "MyApp/Classes";
			sourceTree = SOURCE_ROOT;
		};
		19C28FACFE9D520D11CA2CBB /* Products */ = {
			isa = PBXGroup;
			children = (
				1D6058910D05DD3D006BFB54 /* MyApp.app */,
			);
			name = Products;
			sourceTree = "<group>";
		};
		29B97314FDCFA39411CA2CEA /* CustomTemplate */ = {
			isa = PBXGroup;
			children = (
				EB87FDF41871DAF40020F90C /* config.xml */,
				EB87FDF31871DA8E0020F90C /* www */,
				EB87FDF11871DA420020F90C /* Staging */,
				301BF52D109A57CC0062928A /* CordovaLib.xcodeproj */,
				080E96DDFE201D6D7F000001 /* Classes */,
				307C750510C5A3420062BCA9 /* Plugins */,
				29B97315FDCFA39411CA2CEA /* Other Sources */,
				29B97317FDCFA39411CA2CEA /* Resources */,
				29B97323FDCFA39411CA2CEA /* Frameworks */,
				19C28FACFE9D520D11CA2CBB /* Products */,
			);
			name = CustomTemplate;
			sourceTree = "<group>";
		};
		29B97315FDCFA39411CA2CEA /* Other Sources */ = {
			isa = PBXGroup;
			children = (
				32CA4F630368D1EE00C91783 /* MyApp-Prefix.pch */,
				29B97316FDCFA39411CA2CEA /* main.m */,
				ED33DF2A687741AEAF9F8254 /* Bridging-Header.h */,
			);
			name = "Other Sources";
			path = "MyApp";
			sourceTree = "<group>";
		};
		29B97317FDCFA39411CA2CEA /* Resources */ = {
			isa = PBXGroup;
			children = (
				0207DA571B56EA530066E2B4 /* Images.xcassets */,
				3047A50E1AB8057F00498E2A /* config */,
				8D1107310486CEB800E47090 /* MyApp-Info.plist */,
				6AFF5BF81D6E424B00AB3073 /* CDVLaunchScreen.storyboard */,
			);
			name = Resources;
			path = "MyApp/Resources";
			sourceTree = "<group>";
		};
		29B97323FDCFA39411CA2CEA /* Frameworks */ = {
			isa = PBXGroup;
			children = (
				2383EDECA5154D72941E74B0 /* WebKit.framework */,
				042C9ED66F364A37B7BC95CC /* libz.tbd */,
				B148F7E7D76E43739F06B320 /* MediaPlayer.framework */,
				72B71CE5123146969289AB98 /* AVFoundation.framework */,
				EBAE7E9E165A4825BF85FC1D /* JavaScriptCore.framework */,
			);
			name = Frameworks;
			sourceTree = "<group>";
		};
		301BF52E109A57CC0062928A /* Products */ = {
			isa = PBXGroup;
			children = (
				301BF535109A57CC0062928A /* libCordova.a */,
			);
			name = Products;
			sourceTree = "<group>";
		};
		3047A50E1AB8057F00498E2A /* config */ = {
			isa = PBXGroup;
			children = (
				3047A50F1AB8059700498E2A /* build-debug.xcconfig */,
				3047A5101AB8059700498E2A /* build-release.xcconfig */,
				3047A5111AB8059700498E2A /* build.xcconfig */,
			);
			name = config;
			sourceTree = "<group>";
		};
		307C750510C5A3420062BCA9 /* Plugins */ = {
			isa = PBXGroup;
			children = (
				321DC5CE548143C9B2997E91 /* CDVDevice.m */,
				A978352C0DE641938C9183DD /* CDVDevice.h */,
				036DBCAC61C04785BDA3191D /* CDVInAppBrowser.m */,
				3416F946D3F649D9814D6B08 /* CDVInAppBrowser.h */,
				0B397F8667654ACD895E68B6 /* CDVSplashScreen.m */,
				C3FB1049379B4EFEA2B3A3B2 /* CDVViewController+SplashScreen.m */,
				367D21A5E0F74BCC82BDA600 /* CDVSplashScreen.h */,
				82E6536E95CF497FACA7C0D6 /* CDVViewController+SplashScreen.h */,
				0D04AC3C8C1045D9A6A489DF /* CDVSplashScreen+IonicDeploy.m */,
				1FEEE13318134289AADE9DC9 /* IonicConstant.m */,
				B60DE3E48193483EB49A49C2 /* IonicDeploy.m */,
				918CDC4A918B4E7E9C6BAFEE /* Download.m */,
				325B315B23DE44A6A1CA7131 /* DownloadManager.m */,
				FCEC6F47999F42BEBD4AF08B /* SSZipArchive.m */,
				7542EEE34E3F446C90EBFAAB /* ioapi.c */,
				F7696861D5154AE89A870FD7 /* unzip.c */,
				1DDF4F52E94E41B1AA2152A6 /* zip.c */,
				943ACCFD50BD4013B694B5AC /* adler32.c */,
				BD4B46ADC47840EC8824470C /* compress.c */,
				2807739795064DDBBE4D9266 /* crc32.c */,
				D1E636772CDD4AAD9B9501BD /* deflate.c */,
				49242DF44FE2480A84AB878D /* gzclose.c */,
				7130239AB08B42E88FDB6582 /* gzlib.c */,
				3FBFBF25C2804343920A9397 /* gzread.c */,
				30F4405E9853413E8826E9B6 /* gzwrite.c */,
				AF2EE1E5B6AF4018AB9295C5 /* infback.c */,
				3262FBF3D30E4DB4A254D098 /* inffast.c */,
				88667BDF1FDB4C49836F937B /* inflate.c */,
				219FEB96D941448B89793880 /* inftrees.c */,
				92AE868DCEC74F70B462D0DF /* trees.c */,
				60F6F95BDDB14D3DB48D6080 /* uncompr.c */,
				BAC02FF8B3C0458696272097 /* zutil.c */,
				97E6560AC9C2418A8ACE28DD /* Base64.m */,
				56838ACF5DAA438FA6DAEFAB /* UNIHTTPClientHelper.m */,
				482BF656EDB241DB8C8D643C /* UNIHTTPRequest.m */,
				DACAECEC4A7B4E62858A5577 /* UNIHTTPRequestWithBody.m */,
				304709A4D7454125A5328CA1 /* UNIRest.m */,
				39211B0F46FA465D940B3D5E /* UNIUrlConnection.m */,
				6488957A9A124DD0A217E925 /* UNIBaseRequest.m */,
				96ACA611DF6F495D955ACCC7 /* UNIBodyRequest.m */,
				CBA18334A7874436B0FF6F71 /* UNISimpleRequest.m */,
				FE1B4C4D964C4F99A8FAE6CF /* UNIHTTPBinaryResponse.m */,
				4C0A4BA9B3FA4B9C9DA7F866 /* UNIHTTPJsonResponse.m */,
				43DF33C223994A2D9D2A2CB0 /* UNIHTTPResponse.m */,
				E9A5FC3F53EE4722B4AA1418 /* UNIHTTPStringResponse.m */,
				B9E545C608AC4D94872B452C /* UNIJsonNode.m */,
				1FEFD854E6FA49158FB729F6 /* IonicCordovaCommon.swift */,
				A38C487649A845649042A4FE /* CDVSplashScreen+IonicDeploy.h */,
				2342BAD3CF4941FE869D040C /* IonicConstant.h */,
				0D2EF5BD67B54D0DA3A7061F /* IonicDeploy.h */,
				7AC082FA321B4200A28FEA5E /* Download.h */,
				7C7267225FB8491EBF95F3E9 /* DownloadManager.h */,
				E360ABDE07C94A18A0117BC9 /* SSZipArchive.h */,
				5615AC3F14D14C0D8B3D78C2 /* ARCHelper.h */,
				5CA7B0324E9C450795912196 /* crypt.h */,
				E4A9E018A1AD4FC7B760026D /* ioapi.h */,
				10B2AC0AE4D14228AE2574F7 /* unzip.h */,
				D6534AB8CE9441CCBF7B3AD1 /* zip.h */,
				BFA9E710B1984C55BBEB312D /* crc32.h */,
				E3E2E7BAB3AB4CCD9B026F05 /* deflate.h */,
				F6EF35FCD518467CBA9D3855 /* gzguts.h */,
				0D8919302C8445138CA386E5 /* inffast.h */,
				210233A147DF4DCDA6F99A8F /* inffixed.h */,
				D5E751809F5D44CFAD6D7A13 /* inflate.h */,
				CD89B94DFB22475CAF03EBFF /* inftrees.h */,
				63BB59002A334542BFA24EFC /* trees.h */,
				8520EB5F554241CD9F597C08 /* zconf.h */,
				88AC6D4294A34F58BAEAAD47 /* zlib.h */,
				B25E1536A41040E392C0B677 /* zutil.h */,
				64F7C46D0E86439A83C7A4C0 /* Base64.h */,
				24D00557A97148E88BA54CAA /* UNIHTTPClientHelper.h */,
				4FB2CAEA02534E2F86AD639F /* UNIHTTPRequest.h */,
				B8021CC9BD524205A1C5F5F0 /* UNIHTTPRequestWithBody.h */,
				E0809645977A4025AC929840 /* Unirest-Prefix.pch */,
				DAB30616357047BDA2A35BEC /* UNIRest.h */,
				3EFFB21C6FA44F2FA7E00EDE /* UNIUrlConnection.h */,
				D66C9048AD164A3CAD97311F /* UNIBaseRequest.h */,
				D68238E8AD3340A8A390BAF6 /* UNIBodyRequest.h */,
				947A117D76EE4232A0ABD036 /* UNISimpleRequest.h */,
				F23FF983E9A64C72949D16E1 /* UNIHTTPBinaryResponse.h */,
				CCD54E978044433CA0C1476A /* UNIHTTPJsonResponse.h */,
				ABEFAA064D364B17B83E4612 /* UNIHTTPResponse.h */,
				84B79FBAAF154F2891286633 /* UNIHTTPStringResponse.h */,
				8865D48D114C4CD49A04A16B /* UNIJsonNode.h */,
				9419385B14CF4DD6A4E22EB5 /* CDVWKWebViewEngine.m */,
				23A69C8745A247AEAB002917 /* CDVWKWebViewUIDelegate.m */,
				749EE348BBA048DF8A85577E /* CDVWKProcessPoolFactory.m */,
				F7DF116CF27946818DA5EAD1 /* GCDWebServer.m */,
				6B601FB856B44818884EB17C /* GCDWebServerConnection.m */,
				85A0F72CED4F4E48A023F505 /* GCDWebServerFunctions.m */,
				71D705B44A914A2399650E0A /* GCDWebServerRequest.m */,
				0D665E0505304E59A435572A /* GCDWebServerResponse.m */,
				D846A249E7864AEBA72030AD /* GCDWebServerDataRequest.m */,
				D3BC7896C2A643BA86CC5915 /* GCDWebServerFileRequest.m */,
				3DE2A004DE0645919D3CEA5D /* GCDWebServerMultiPartFormRequest.m */,
				C7F4F472EF064C37A2BF36D2 /* GCDWebServerURLEncodedFormRequest.m */,
				F8822BB6208D4BB09445D564 /* GCDWebServerDataResponse.m */,
				7D2157574E554BE898289359 /* GCDWebServerErrorResponse.m */,
				57C71C543E674778AF7FC1B1 /* GCDWebServerFileResponse.m */,
				265A576AA1364598A4BFA3EE /* GCDWebServerStreamedResponse.m */,
				8BFCB644B63A43D6A7F0238A /* CDVWKWebViewEngine.h */,
				C22256A3359C498CB728101D /* CDVWKWebViewUIDelegate.h */,
				1B0F3D80E963444B90D40E5C /* CDVWKProcessPoolFactory.h */,
				0174DE1E3B9443EDA8F6610D /* GCDWebServer.h */,
				7BEF16B916674C408ED4D3AA /* GCDWebServerConnection.h */,
				F5F049E7B52D4D4A95B974E0 /* GCDWebServerFunctions.h */,
				2E3C5CE9D8BC480EBBF2B32F /* GCDWebServerHTTPStatusCodes.h */,
				6A4F496D27094AA88BCD7021 /* GCDWebServerPrivate.h */,
				FC54DCE1A12446C6B716D5E5 /* GCDWebServerRequest.h */,
				E74915B843F44A1BA0D21594 /* GCDWebServerResponse.h */,
				73F54774350848E38E2ECAAB /* GCDWebServerDataRequest.h */,
				71AF7F6B122D4AF7AFF05985 /* GCDWebServerFileRequest.h */,
				0D8337E0B72746DFB161F008 /* GCDWebServerMultiPartFormRequest.h */,
				41B3BAD6B448459C9318E7EA /* GCDWebServerURLEncodedFormRequest.h */,
				9E60CEC922584999A4F9623F /* GCDWebServerDataResponse.h */,
				63CA89D973DD4501A0D3BCFC /* GCDWebServerErrorResponse.h */,
				8342BB6F286744D290800FE9 /* GCDWebServerFileResponse.h */,
				D5AC16A5FEF34E468D8FDBF6 /* GCDWebServerStreamedResponse.h */,
				85C92912224C4B5D9A71216B /* IonicKeyboard.m */,
				D153769889FB425D8B797F92 /* IonicKeyboard.h */,
				7043F3C54B63431CBA4B4A8B /* SQLitePlugin.m */,
				096B2789A2F4454E938D88EF /* PSPDFThreadSafeMutableDictionary.m */,
				810E1A3493494D4895EB27FD /* sqlite3.c */,
				DA6F2E37BAEE466FAC96ADD8 /* SQLitePlugin.h */,
				61E0C593CF5D48048BF27FDF /* PSPDFThreadSafeMutableDictionary.h */,
				EFD1E45EF43B4AB59704703C /* sqlite3.h */,
				997FA5793A574ECC80E560D7 /* XCDYouTubeClient.m */,
				0783E73D617D41E7A0103BAF /* XCDYouTubePlayerScript.m */,
				3540668576434A3DB40CFD46 /* XCDYouTubeVideo.m */,
				D1E1B1119A4D4A06A8FCCF61 /* XCDYouTubeVideoOperation.m */,
				2FF5C10E0AFC4CBE83A80F4F /* XCDYouTubeVideoPlayerViewController.m */,
				EE6177402BF44A51ABF14E58 /* XCDYouTubeVideoWebpage.m */,
				78E575CD6E4F40079194D277 /* YoutubeVideoPlayer.m */,
				6670C4A5D487495FA7E7C321 /* XCDYouTubeClient.h */,
				E126985151DD494784D9416F /* XCDYouTubeError.h */,
				2B9FD80F13EB40F980B35464 /* XCDYouTubeKit.h */,
				1F6E7D80CBC54DEF934D99FB /* XCDYouTubeOperation.h */,
				D491E12767B04FC88CA965D4 /* XCDYouTubePlayerScript.h */,
				73923A9EF8594CA89BC24B88 /* XCDYouTubeVideo.h */,
				CFF7ECE5C5594B558BFB24BE /* XCDYouTubeVideo+Private.h */,
				37C0783634814CAAA3764630 /* XCDYouTubeVideoOperation.h */,
				3F4C6E3AA1A2480782842E41 /* XCDYouTubeVideoPlayerViewController.h */,
				5EAC9C8AA3E54629A66C8134 /* XCDYouTubeVideoWebpage.h */,
				1186D34B4A6E44FA87F3B5DE /* YoutubeVideoPlayer.h */,
			);
			name = Plugins;
			path = "MyApp/Plugins";
			sourceTree = SOURCE_ROOT;
		};
		EB87FDF11871DA420020F90C /* Staging */ = {
			isa = PBXGroup;
			children = (
				F840E1F0165FE0F500CFE078 /* config.xml */,
				301BF56E109A69640062928A /* www */,
			);
			name = Staging;
			sourceTree = "<group>";
		};
/* End PBXGroup section */

/* Begin PBXNativeTarget section */
		1D6058900D05DD3D006BFB54 /* MyApp */ = {
			isa = PBXNativeTarget;
			buildConfigurationList = 1D6058960D05DD3E006BFB54 /* Build configuration list for PBXNativeTarget "MyApp" */;
			buildPhases = (
				304B58A110DAC018002A0835 /* Copy www directory */,
				1D60588D0D05DD3D006BFB54 /* Resources */,
				1D60588E0D05DD3D006BFB54 /* Sources */,
				1D60588F0D05DD3D006BFB54 /* Frameworks */,
			);
			buildRules = (
			);
			dependencies = (
				301BF551109A68C00062928A /* PBXTargetDependency */,
			);
			name = "MyApp";
			productName = "MyApp";
			productReference = 1D6058910D05DD3D006BFB54 /* MyApp.app */;
			productType = "com.apple.product-type.application";
		};
/* End PBXNativeTarget section */

/* Begin PBXProject section */
		29B97313FDCFA39411CA2CEA /* Project object */ = {
			isa = PBXProject;
			attributes = {
				LastUpgradeCheck = 510;
			};
			buildConfigurationList = C01FCF4E08A954540054247B /* Build configuration list for PBXProject "__NON-CLI__" */;
			compatibilityVersion = "Xcode 3.2";
			developmentRegion = English;
			hasScannedForEncodings = 1;
			mainGroup = 29B97314FDCFA39411CA2CEA /* CustomTemplate */;
			projectDirPath = "";
			projectReferences = (
				{
					ProductGroup = 301BF52E109A57CC0062928A /* Products */;
					ProjectRef = 301BF52D109A57CC0062928A /* CordovaLib.xcodeproj */;
				},
			);
			projectRoot = "";
			targets = (
				1D6058900D05DD3D006BFB54 /* MyApp */,
			);
		};
/* End PBXProject section */

/* Begin PBXReferenceProxy section */
		301BF535109A57CC0062928A /* libCordova.a */ = {
			isa = PBXReferenceProxy;
			fileType = archive.ar;
			path = libCordova.a;
			remoteRef = 301BF534109A57CC0062928A /* PBXContainerItemProxy */;
			sourceTree = BUILT_PRODUCTS_DIR;
		};
/* End PBXReferenceProxy section */

/* Begin PBXResourcesBuildPhase section */
		1D60588D0D05DD3D006BFB54 /* Resources */ = {
			isa = PBXResourcesBuildPhase;
			buildActionMask = 2147483647;
			files = (
				302D95F214D2391D003F00A1 /* MainViewController.xib in Resources */,
				0207DA581B56EA530066E2B4 /* Images.xcassets in Resources */,
				6AFF5BF91D6E424B00AB3073 /* CDVLaunchScreen.storyboard in Resources */,
			);
			runOnlyForDeploymentPostprocessing = 0;
		};
/* End PBXResourcesBuildPhase section */

/* Begin PBXShellScriptBuildPhase section */
		304B58A110DAC018002A0835 /* Copy www directory */ = {
			isa = PBXShellScriptBuildPhase;
			buildActionMask = 2147483647;
			files = (
			);
			inputPaths = (
			);
			name = "Copy www directory";
			outputPaths = (
			);
			runOnlyForDeploymentPostprocessing = 0;
			shellPath = /bin/sh;
			shellScript = "NODEJS_PATH=/usr/local/bin; NVM_NODE_PATH=~/.nvm/versions/node/`nvm version 2>/dev/null`/bin; N_NODE_PATH=`find /usr/local/n/versions/node/* -maxdepth 0 -type d 2>/dev/null | tail -1`/bin; XCODE_NODE_PATH=`xcode-select --print-path`/usr/share/xcs/Node/bin; PATH=$NODEJS_PATH:$NVM_NODE_PATH:$N_NODE_PATH:$XCODE_NODE_PATH:$PATH && node cordova/lib/copy-www-build-step.js";
			showEnvVarsInLog = 0;
		};
/* End PBXShellScriptBuildPhase section */

/* Begin PBXSourcesBuildPhase section */
		1D60588E0D05DD3D006BFB54 /* Sources */ = {
			isa = PBXSourcesBuildPhase;
			buildActionMask = 2147483647;
			files = (
				1D60589B0D05DD56006BFB54 /* main.m in Sources */,
				1D3623260D0F684500981E51 /* AppDelegate.m in Sources */,
				302D95F114D2391D003F00A1 /* MainViewController.m in Sources */,
				019957D91DE94C98B3846F3A /* CDVDevice.m in Sources */,
				7BB34659EDA04AC69D17F988 /* CDVInAppBrowser.m in Sources */,
				0B97AF22CE4941B6A562ACDD /* CDVSplashScreen.m in Sources */,
				7FF5ABC8E9A241A684151FE4 /* CDVViewController+SplashScreen.m in Sources */,
				F5FCF047721F41C98999BDA7 /* CDVSplashScreen+IonicDeploy.m in Sources */,
				2FE2AF99BB404ED0A9745DB8 /* IonicConstant.m in Sources */,
				93D75E3AA185454884F027F5 /* IonicDeploy.m in Sources */,
				5A00E28E2DEB404EB732D3FE /* Download.m in Sources */,
				1E4D2207C8394033B531FC6B /* DownloadManager.m in Sources */,
				36B8B2AE753748AFA3894C5A /* SSZipArchive.m in Sources */,
				74A13E8457A54CB08AEB7FF2 /* ioapi.c in Resources */,
				8305A8E26F8040D68A5C76B8 /* unzip.c in Resources */,
				60D133CC8B8A4CFC993A4F74 /* zip.c in Resources */,
				6224E27C893D41B882E9D31E /* adler32.c in Resources */,
				63788637ED324C69BEB434B1 /* compress.c in Resources */,
				506D38EB50824124A84D041F /* crc32.c in Resources */,
				A57134B3BE5E4DD486DF5DCB /* deflate.c in Resources */,
				A1EA30C3B17646299CE7FAEF /* gzclose.c in Resources */,
				9B061BFB29B3428FADDFE93D /* gzlib.c in Resources */,
				9C3F1F5F62EB4C75847DB0E8 /* gzread.c in Resources */,
				363EAB44437B479FAC9561E5 /* gzwrite.c in Resources */,
				A11E546F8C6E44F9B75BAC79 /* infback.c in Resources */,
				5ADB850B304B4E25997F2E59 /* inffast.c in Resources */,
				5C58AE6CB0FF4C6CA1AF9E61 /* inflate.c in Resources */,
				3FBF5C37CAC144438EB47B56 /* inftrees.c in Resources */,
				F7F3145679E84149BE72580E /* trees.c in Resources */,
				8DF66B8AA05A4C76BAA80D5F /* uncompr.c in Resources */,
				652511B3900E4E778C2EB5B2 /* zutil.c in Resources */,
				CD75998EE20B40F688583972 /* Base64.m in Sources */,
				4B095F9E4AA445D086156846 /* UNIHTTPClientHelper.m in Sources */,
				6BE2258D249246D79047FF37 /* UNIHTTPRequest.m in Sources */,
				F92AC90B4EF5493597CE3CDB /* UNIHTTPRequestWithBody.m in Sources */,
				652444D8CC1C4C35A4F9C194 /* UNIRest.m in Sources */,
				929A012DEF2D4C80B300C23F /* UNIUrlConnection.m in Sources */,
				A32751C2CC9B481994B865DA /* UNIBaseRequest.m in Sources */,
				81BD2B764A0F484B99852000 /* UNIBodyRequest.m in Sources */,
				8ED70E87D7E54E9DA1834A39 /* UNISimpleRequest.m in Sources */,
				EB93551020EA4E6FB5944C3F /* UNIHTTPBinaryResponse.m in Sources */,
				062591FF387F4BF493EEDF6F /* UNIHTTPJsonResponse.m in Sources */,
				77852DB6938F4B858CA60BB3 /* UNIHTTPResponse.m in Sources */,
				129650D1A8FB4D7E80821798 /* UNIHTTPStringResponse.m in Sources */,
				DEC0BC53754E46008A7E8977 /* UNIJsonNode.m in Sources */,
				C61D73DB06E6423CB772F482 /* IonicCordovaCommon.swift in Sources */,
				A778A1A828ED408CA9407108 /* CDVWKWebViewEngine.m in Sources */,
				92159EE644944C9F96838089 /* CDVWKWebViewUIDelegate.m in Sources */,
				72EC8A881B274C2497A90212 /* CDVWKProcessPoolFactory.m in Sources */,
				DE6BA2CDDFEB4FAE8C762903 /* GCDWebServer.m in Sources */,
				7C5FF4ED503F49D588806A9F /* GCDWebServerConnection.m in Sources */,
				415485EE7DA347049EDD6281 /* GCDWebServerFunctions.m in Sources */,
				1B14CE7DC10E4812966A27FB /* GCDWebServerRequest.m in Sources */,
				CC756B3C86AA48DDAD1EDFCA /* GCDWebServerResponse.m in Sources */,
				670FEB49968C4E55B8278526 /* GCDWebServerDataRequest.m in Sources */,
				B71D556CE6B243BD91FFEF89 /* GCDWebServerFileRequest.m in Sources */,
				1A2C94D5006D48C6ADE789E2 /* GCDWebServerMultiPartFormRequest.m in Sources */,
				A87AA7111FEC430484D92AD7 /* GCDWebServerURLEncodedFormRequest.m in Sources */,
				EAE4E3418D0D4AB18F3CC165 /* GCDWebServerDataResponse.m in Sources */,
				2A9DAA5E33244332A131ECCF /* GCDWebServerErrorResponse.m in Sources */,
				F8C185B882484C53BC287EEC /* GCDWebServerFileResponse.m in Sources */,
				D2EF295E6B7E44C4A649973C /* GCDWebServerStreamedResponse.m in Sources */,
				9653F262ECAE49259C4A8B40 /* IonicKeyboard.m in Sources */,
				38841CD331AD4F099D09B463 /* SQLitePlugin.m in Sources */,
				9D1D92265226439F84810E79 /* PSPDFThreadSafeMutableDictionary.m in Sources */,
				2E448B93E5BC4283A4BAADCF /* sqlite3.c in Resources */,
				9586189F19B74158AEF90401 /* XCDYouTubeClient.m in Sources */,
				2E4667276D30413A9B82596F /* XCDYouTubePlayerScript.m in Sources */,
				3B77E3B592744B93A55550FE /* XCDYouTubeVideo.m in Sources */,
				8D128BF7907C4BB294B45597 /* XCDYouTubeVideoOperation.m in Sources */,
				F695C036C8844A0D895300AB /* XCDYouTubeVideoPlayerViewController.m in Sources */,
				CF18B7CFEAE348FA88AEEFC8 /* XCDYouTubeVideoWebpage.m in Sources */,
				1C74D44441AA4573B36A1D5F /* YoutubeVideoPlayer.m in Sources */,
			);
			runOnlyForDeploymentPostprocessing = 0;
		};
/* End PBXSourcesBuildPhase section */

/* Begin PBXTargetDependency section */
		301BF551109A68C00062928A /* PBXTargetDependency */ = {
			isa = PBXTargetDependency;
			name = CordovaLib;
			targetProxy = 301BF550109A68C00062928A /* PBXContainerItemProxy */;
		};
/* End PBXTargetDependency section */

/* Begin XCBuildConfiguration section */
		1D6058940D05DD3E006BFB54 /* Debug */ = {
			isa = XCBuildConfiguration;
			baseConfigurationReference = 3047A50F1AB8059700498E2A /* build-debug.xcconfig */;
			buildSettings = {
				ALWAYS_SEARCH_USER_PATHS = NO;
				ASSETCATALOG_COMPILER_APPICON_NAME = AppIcon;
				ASSETCATALOG_COMPILER_LAUNCHIMAGE_NAME = LaunchImage;
				CLANG_ENABLE_MODULES = YES;
				CLANG_ENABLE_OBJC_ARC = YES;
				COPY_PHASE_STRIP = NO;
				GCC_DYNAMIC_NO_PIC = NO;
				GCC_OPTIMIZATION_LEVEL = 0;
				GCC_PRECOMPILE_PREFIX_HEADER = YES;
				GCC_PREFIX_HEADER = "MyApp/MyApp-Prefix.pch";
				GCC_THUMB_SUPPORT = NO;
				GCC_VERSION = "";
				INFOPLIST_FILE = "MyApp/MyApp-Info.plist";
				IPHONEOS_DEPLOYMENT_TARGET = 9.0;
				LD_RUNPATH_SEARCH_PATHS = "@executable_path/Frameworks";
				TARGETED_DEVICE_FAMILY = "1,2";
				PRODUCT_NAME = "MyApp";
				SWIFT_OBJC_BRIDGING_HEADER = "$(PROJECT_DIR)/$(PROJECT_NAME)/Bridging-Header.h";
				ALWAYS_EMBED_SWIFT_STANDARD_LIBRARIES = YES;
				SWIFT_VERSION = 3.0;
				SWIFT_OPTIMIZATION_LEVEL = "-Onone";
			};
			name = Debug;
		};
		1D6058950D05DD3E006BFB54 /* Release */ = {
			isa = XCBuildConfiguration;
			baseConfigurationReference = 3047A5101AB8059700498E2A /* build-release.xcconfig */;
			buildSettings = {
				ALWAYS_SEARCH_USER_PATHS = NO;
				ASSETCATALOG_COMPILER_APPICON_NAME = AppIcon;
				ASSETCATALOG_COMPILER_LAUNCHIMAGE_NAME = LaunchImage;
				CLANG_ENABLE_MODULES = YES;
				CLANG_ENABLE_OBJC_ARC = YES;
				COPY_PHASE_STRIP = YES;
				GCC_PRECOMPILE_PREFIX_HEADER = YES;
				GCC_PREFIX_HEADER = "MyApp/MyApp-Prefix.pch";
				GCC_THUMB_SUPPORT = NO;
				GCC_VERSION = "";
				INFOPLIST_FILE = "MyApp/MyApp-Info.plist";
				IPHONEOS_DEPLOYMENT_TARGET = 9.0;
				LD_RUNPATH_SEARCH_PATHS = "@executable_path/Frameworks";
				TARGETED_DEVICE_FAMILY = "1,2";
				PRODUCT_NAME = "MyApp";
				SWIFT_OBJC_BRIDGING_HEADER = "$(PROJECT_DIR)/$(PROJECT_NAME)/Bridging-Header.h";
				ALWAYS_EMBED_SWIFT_STANDARD_LIBRARIES = YES;
				SWIFT_VERSION = 3.0;
			};
			name = Release;
		};
		C01FCF4F08A954540054247B /* Debug */ = {
			isa = XCBuildConfiguration;
			baseConfigurationReference = 3047A5111AB8059700498E2A /* build.xcconfig */;
			buildSettings = {
				CLANG_ENABLE_MODULES = YES;
				CLANG_ENABLE_OBJC_ARC = YES;
				CLANG_WARN_BOOL_CONVERSION = YES;
				CLANG_WARN_CONSTANT_CONVERSION = YES;
				CLANG_WARN_EMPTY_BODY = YES;
				CLANG_WARN_ENUM_CONVERSION = YES;
				CLANG_WARN_INT_CONVERSION = YES;
				CLANG_WARN__DUPLICATE_METHOD_MATCH = YES;
				GCC_C_LANGUAGE_STANDARD = c99;
				GCC_THUMB_SUPPORT = NO;
				GCC_VERSION = "";
				GCC_WARN_ABOUT_RETURN_TYPE = YES;
				GCC_WARN_UNDECLARED_SELECTOR = YES;
				GCC_WARN_UNINITIALIZED_AUTOS = YES;
				GCC_WARN_UNUSED_FUNCTION = YES;
				GCC_WARN_UNUSED_VARIABLE = YES;
				ONLY_ACTIVE_ARCH = YES;
				SDKROOT = iphoneos;
				SKIP_INSTALL = NO;
				SWIFT_OBJC_BRIDGING_HEADER = "$(PROJECT_DIR)/$(PROJECT_NAME)/Bridging-Header.h";
				ALWAYS_EMBED_SWIFT_STANDARD_LIBRARIES = YES;
				SWIFT_VERSION = 3.0;
				SWIFT_OPTIMIZATION_LEVEL = "-Onone";
			};
			name = Debug;
		};
		C01FCF5008A954540054247B /* Release */ = {
			isa = XCBuildConfiguration;
			baseConfigurationReference = 3047A5111AB8059700498E2A /* build.xcconfig */;
			buildSettings = {
				CLANG_ENABLE_MODULES = YES;
				CLANG_ENABLE_OBJC_ARC = YES;
				CLANG_WARN_BOOL_CONVERSION = YES;
				CLANG_WARN_CONSTANT_CONVERSION = YES;
				CLANG_WARN_EMPTY_BODY = YES;
				CLANG_WARN_ENUM_CONVERSION = YES;
				CLANG_WARN_INT_CONVERSION = YES;
				CLANG_WARN__DUPLICATE_METHOD_MATCH = YES;
				GCC_C_LANGUAGE_STANDARD = c99;
				GCC_THUMB_SUPPORT = NO;
				GCC_VERSION = "";
				GCC_WARN_ABOUT_RETURN_TYPE = YES;
				GCC_WARN_UNDECLARED_SELECTOR = YES;
				GCC_WARN_UNINITIALIZED_AUTOS = YES;
				GCC_WARN_UNUSED_FUNCTION = YES;
				GCC_WARN_UNUSED_VARIABLE = YES;
				SDKROOT = iphoneos;
				SKIP_INSTALL = NO;
				SWIFT_OBJC_BRIDGING_HEADER = "$(PROJECT_DIR)/$(PROJECT_NAME)/Bridging-Header.h";
				ALWAYS_EMBED_SWIFT_STANDARD_LIBRARIES = YES;
				SWIFT_VERSION = 3.0;
			};
			name = Release;
		};
/* End XCBuildConfiguration section */

/* Begin XCConfigurationList section */
		1D6058960D05DD3E006BFB54 /* Build configuration list for PBXNativeTarget "MyApp" */ = {
			isa = XCConfigurationList;
			buildConfigurations = (
				1D6058940D05DD3E006BFB54 /* Debug */,
				1D6058950D05DD3E006BFB54 /* Release */,
			);
			defaultConfigurationIsVisible = 0;
			defaultConfigurationName = Release;
		};
		C01FCF4E08A954540054247B /* Build configuration list for PBXProject "__NON-CLI__" */ = {
			isa = XCConfigurationList;
			buildConfigurations = (
				C01FCF4F08A954540054247B /* Debug */,
				C01FCF5008A954540054247B /* Release */,
			);
			defaultConfigurationIsVisible = 0;
			defaultConfigurationName = Release;
		};
/* End XCConfigurationList section */
	};
	rootObject = 29B97313FDCFA39411CA2CEA /* Project object */;
}
